// !$*UTF8*$!
{
	archiveVersion = 1;
	classes = {
	};
	objectVersion = 46;
	objects = {

/* Begin PBXBuildFile section */
		3CE5BDC8BEE87195E73E32FE /* Pods_inMacChat.framework in Frameworks */ = {isa = PBXBuildFile; fileRef = 910549574D1DDEC97352CAF6 /* Pods_inMacChat.framework */; };
		BE2D3BF11CC5396C002DEB94 /* AppDelegate.swift in Sources */ = {isa = PBXBuildFile; fileRef = BE2D3BF01CC5396C002DEB94 /* AppDelegate.swift */; };
		BE2D3BF31CC5396C002DEB94 /* NickNameViewController.swift in Sources */ = {isa = PBXBuildFile; fileRef = BE2D3BF21CC5396C002DEB94 /* NickNameViewController.swift */; };
		BE2D3BF61CC5396C002DEB94 /* Main.storyboard in Resources */ = {isa = PBXBuildFile; fileRef = BE2D3BF41CC5396C002DEB94 /* Main.storyboard */; };
		BE2D3BF81CC5396C002DEB94 /* Assets.xcassets in Resources */ = {isa = PBXBuildFile; fileRef = BE2D3BF71CC5396C002DEB94 /* Assets.xcassets */; };
		BE2D3BFB1CC5396C002DEB94 /* LaunchScreen.storyboard in Resources */ = {isa = PBXBuildFile; fileRef = BE2D3BF91CC5396C002DEB94 /* LaunchScreen.storyboard */; };
		BE2D3C4F1CC542A1002DEB94 /* FloatLabelTextView.swift in Sources */ = {isa = PBXBuildFile; fileRef = BE2D3C4D1CC542A1002DEB94 /* FloatLabelTextView.swift */; };
		BE2D3C501CC542A1002DEB94 /* FloatLabelTextField.swift in Sources */ = {isa = PBXBuildFile; fileRef = BE2D3C4E1CC542A1002DEB94 /* FloatLabelTextField.swift */; };
		BE30DBAA1CC7D718002B891B /* NewChatViewController.swift in Sources */ = {isa = PBXBuildFile; fileRef = BE30DBA91CC7D718002B891B /* NewChatViewController.swift */; };
		BE338FC61CC9395A00954B38 /* Message.swift in Sources */ = {isa = PBXBuildFile; fileRef = BE338FC41CC9395A00954B38 /* Message.swift */; };
		BE338FC71CC9395A00954B38 /* User.swift in Sources */ = {isa = PBXBuildFile; fileRef = BE338FC51CC9395A00954B38 /* User.swift */; };
		BE33A5A01CC629A300917037 /* CodeValidationViewController.swift in Sources */ = {isa = PBXBuildFile; fileRef = BE33A59F1CC629A300917037 /* CodeValidationViewController.swift */; };
		BE5A339B1CC97CAA00AA18EB /* BBCodeString.m in Sources */ = {isa = PBXBuildFile; fileRef = BE5A338E1CC97CAA00AA18EB /* BBCodeString.m */; };
		BE5A339C1CC97CAA00AA18EB /* BBAttribute.m in Sources */ = {isa = PBXBuildFile; fileRef = BE5A33911CC97CAA00AA18EB /* BBAttribute.m */; };
		BE5A339D1CC97CAA00AA18EB /* NSMutableAttributedString+BBCodeString.m in Sources */ = {isa = PBXBuildFile; fileRef = BE5A33941CC97CAA00AA18EB /* NSMutableAttributedString+BBCodeString.m */; };
		BE5A339E1CC97CAA00AA18EB /* BBCodeParser.m in Sources */ = {isa = PBXBuildFile; fileRef = BE5A33951CC97CAA00AA18EB /* BBCodeParser.m */; };
		BE5A339F1CC97CAA00AA18EB /* BBElement.m in Sources */ = {isa = PBXBuildFile; fileRef = BE5A33981CC97CAA00AA18EB /* BBElement.m */; };
		BE5A33A01CC97CAA00AA18EB /* BBParsingElement.m in Sources */ = {isa = PBXBuildFile; fileRef = BE5A339A1CC97CAA00AA18EB /* BBParsingElement.m */; };
		BE5A33A21CC9835800AA18EB /* TextFormatter.swift in Sources */ = {isa = PBXBuildFile; fileRef = BE5A33A11CC9835800AA18EB /* TextFormatter.swift */; };
		BE99314A1CC76D18009F26EB /* KeyChain.swift in Sources */ = {isa = PBXBuildFile; fileRef = BE9931491CC76D18009F26EB /* KeyChain.swift */; };
		BE9931641CC796CD009F26EB /* PASImageView.swift in Sources */ = {isa = PBXBuildFile; fileRef = BE9931631CC796CD009F26EB /* PASImageView.swift */; };
		BEA5FC321CC96EF500A52D34 /* noavatar.png in Resources */ = {isa = PBXBuildFile; fileRef = BEA5FC311CC96EF500A52D34 /* noavatar.png */; };
		BEC7A9B51CC7E1A700454B3A /* SLKInputAccessoryView.m in Sources */ = {isa = PBXBuildFile; fileRef = BEC7A9A01CC7E1A700454B3A /* SLKInputAccessoryView.m */; };
		BEC7A9B61CC7E1A700454B3A /* SLKTextInput+Implementation.m in Sources */ = {isa = PBXBuildFile; fileRef = BEC7A9A11CC7E1A700454B3A /* SLKTextInput+Implementation.m */; };
		BEC7A9B71CC7E1A700454B3A /* SLKTextInputbar.m in Sources */ = {isa = PBXBuildFile; fileRef = BEC7A9A41CC7E1A700454B3A /* SLKTextInputbar.m */; };
		BEC7A9B81CC7E1A700454B3A /* SLKTextView+SLKAdditions.m in Sources */ = {isa = PBXBuildFile; fileRef = BEC7A9A61CC7E1A700454B3A /* SLKTextView+SLKAdditions.m */; };
		BEC7A9B91CC7E1A700454B3A /* SLKTextView.m in Sources */ = {isa = PBXBuildFile; fileRef = BEC7A9A81CC7E1A700454B3A /* SLKTextView.m */; };
		BEC7A9BA1CC7E1A700454B3A /* SLKTextViewController.m in Sources */ = {isa = PBXBuildFile; fileRef = BEC7A9AA1CC7E1A700454B3A /* SLKTextViewController.m */; };
		BEC7A9BB1CC7E1A700454B3A /* SLKTypingIndicatorView.m in Sources */ = {isa = PBXBuildFile; fileRef = BEC7A9AD1CC7E1A700454B3A /* SLKTypingIndicatorView.m */; };
		BEC7A9BC1CC7E1A700454B3A /* UIResponder+SLKAdditions.m in Sources */ = {isa = PBXBuildFile; fileRef = BEC7A9B01CC7E1A700454B3A /* UIResponder+SLKAdditions.m */; };
		BEC7A9BD1CC7E1A700454B3A /* UIScrollView+SLKAdditions.m in Sources */ = {isa = PBXBuildFile; fileRef = BEC7A9B21CC7E1A700454B3A /* UIScrollView+SLKAdditions.m */; };
		BEC7A9BE1CC7E1A700454B3A /* UIView+SLKAdditions.m in Sources */ = {isa = PBXBuildFile; fileRef = BEC7A9B41CC7E1A700454B3A /* UIView+SLKAdditions.m */; };
		BEC7A9D31CC7E1B500454B3A /* SocketAckEmitter.swift in Sources */ = {isa = PBXBuildFile; fileRef = BEC7A9C01CC7E1B500454B3A /* SocketAckEmitter.swift */; };
		BEC7A9D41CC7E1B500454B3A /* SocketAckManager.swift in Sources */ = {isa = PBXBuildFile; fileRef = BEC7A9C11CC7E1B500454B3A /* SocketAckManager.swift */; };
		BEC7A9D51CC7E1B500454B3A /* SocketAnyEvent.swift in Sources */ = {isa = PBXBuildFile; fileRef = BEC7A9C21CC7E1B500454B3A /* SocketAnyEvent.swift */; };
		BEC7A9D61CC7E1B500454B3A /* SocketEngine.swift in Sources */ = {isa = PBXBuildFile; fileRef = BEC7A9C31CC7E1B500454B3A /* SocketEngine.swift */; };
		BEC7A9D71CC7E1B500454B3A /* SocketEngineClient.swift in Sources */ = {isa = PBXBuildFile; fileRef = BEC7A9C41CC7E1B500454B3A /* SocketEngineClient.swift */; };
		BEC7A9D81CC7E1B500454B3A /* SocketEnginePacketType.swift in Sources */ = {isa = PBXBuildFile; fileRef = BEC7A9C51CC7E1B500454B3A /* SocketEnginePacketType.swift */; };
		BEC7A9D91CC7E1B500454B3A /* SocketEngineSpec.swift in Sources */ = {isa = PBXBuildFile; fileRef = BEC7A9C61CC7E1B500454B3A /* SocketEngineSpec.swift */; };
		BEC7A9DA1CC7E1B500454B3A /* SocketEventHandler.swift in Sources */ = {isa = PBXBuildFile; fileRef = BEC7A9C71CC7E1B500454B3A /* SocketEventHandler.swift */; };
		BEC7A9DB1CC7E1B500454B3A /* SocketFixUTF8.swift in Sources */ = {isa = PBXBuildFile; fileRef = BEC7A9C81CC7E1B500454B3A /* SocketFixUTF8.swift */; };
		BEC7A9DC1CC7E1B500454B3A /* SocketIOClient.swift in Sources */ = {isa = PBXBuildFile; fileRef = BEC7A9C91CC7E1B500454B3A /* SocketIOClient.swift */; };
		BEC7A9DD1CC7E1B500454B3A /* SocketIOClientOption.swift in Sources */ = {isa = PBXBuildFile; fileRef = BEC7A9CA1CC7E1B500454B3A /* SocketIOClientOption.swift */; };
		BEC7A9DE1CC7E1B500454B3A /* SocketIOClientStatus.swift in Sources */ = {isa = PBXBuildFile; fileRef = BEC7A9CB1CC7E1B500454B3A /* SocketIOClientStatus.swift */; };
		BEC7A9DF1CC7E1B500454B3A /* SocketLogger.swift in Sources */ = {isa = PBXBuildFile; fileRef = BEC7A9CC1CC7E1B500454B3A /* SocketLogger.swift */; };
		BEC7A9E01CC7E1B500454B3A /* SocketPacket.swift in Sources */ = {isa = PBXBuildFile; fileRef = BEC7A9CD1CC7E1B500454B3A /* SocketPacket.swift */; };
		BEC7A9E11CC7E1B500454B3A /* SocketParser.swift in Sources */ = {isa = PBXBuildFile; fileRef = BEC7A9CE1CC7E1B500454B3A /* SocketParser.swift */; };
		BEC7A9E21CC7E1B500454B3A /* SocketStringReader.swift in Sources */ = {isa = PBXBuildFile; fileRef = BEC7A9CF1CC7E1B500454B3A /* SocketStringReader.swift */; };
		BEC7A9E31CC7E1B500454B3A /* SocketTypes.swift in Sources */ = {isa = PBXBuildFile; fileRef = BEC7A9D01CC7E1B500454B3A /* SocketTypes.swift */; };
		BEC7A9E41CC7E1B500454B3A /* SwiftRegex.swift in Sources */ = {isa = PBXBuildFile; fileRef = BEC7A9D11CC7E1B500454B3A /* SwiftRegex.swift */; };
		BEC7A9E51CC7E1B500454B3A /* WebSocket.swift in Sources */ = {isa = PBXBuildFile; fileRef = BEC7A9D21CC7E1B500454B3A /* WebSocket.swift */; };
		BEEB64961CC9520900621B90 /* ChatCell.swift in Sources */ = {isa = PBXBuildFile; fileRef = BEEB64951CC9520900621B90 /* ChatCell.swift */; };
/* End PBXBuildFile section */

/* Begin PBXFileReference section */
		910549574D1DDEC97352CAF6 /* Pods_inMacChat.framework */ = {isa = PBXFileReference; explicitFileType = wrapper.framework; includeInIndex = 0; path = Pods_inMacChat.framework; sourceTree = BUILT_PRODUCTS_DIR; };
		B0F3F48EA804465DAD4A47BF /* Pods-inMacChat.release.xcconfig */ = {isa = PBXFileReference; includeInIndex = 1; lastKnownFileType = text.xcconfig; name = "Pods-inMacChat.release.xcconfig"; path = "Pods/Target Support Files/Pods-inMacChat/Pods-inMacChat.release.xcconfig"; sourceTree = "<group>"; };
		BE26B345A36C61CCA2BF9738 /* Pods-inMacChat.debug.xcconfig */ = {isa = PBXFileReference; includeInIndex = 1; lastKnownFileType = text.xcconfig; name = "Pods-inMacChat.debug.xcconfig"; path = "Pods/Target Support Files/Pods-inMacChat/Pods-inMacChat.debug.xcconfig"; sourceTree = "<group>"; };
		BE2D3BED1CC5396C002DEB94 /* inMacChat.app */ = {isa = PBXFileReference; explicitFileType = wrapper.application; includeInIndex = 0; path = inMacChat.app; sourceTree = BUILT_PRODUCTS_DIR; };
		BE2D3BF01CC5396C002DEB94 /* AppDelegate.swift */ = {isa = PBXFileReference; lastKnownFileType = sourcecode.swift; path = AppDelegate.swift; sourceTree = "<group>"; };
		BE2D3BF21CC5396C002DEB94 /* NickNameViewController.swift */ = {isa = PBXFileReference; lastKnownFileType = sourcecode.swift; path = NickNameViewController.swift; sourceTree = "<group>"; };
		BE2D3BF51CC5396C002DEB94 /* Base */ = {isa = PBXFileReference; lastKnownFileType = file.storyboard; name = Base; path = Base.lproj/Main.storyboard; sourceTree = "<group>"; };
		BE2D3BF71CC5396C002DEB94 /* Assets.xcassets */ = {isa = PBXFileReference; lastKnownFileType = folder.assetcatalog; path = Assets.xcassets; sourceTree = "<group>"; };
		BE2D3BFA1CC5396C002DEB94 /* Base */ = {isa = PBXFileReference; lastKnownFileType = file.storyboard; name = Base; path = Base.lproj/LaunchScreen.storyboard; sourceTree = "<group>"; };
		BE2D3BFC1CC5396C002DEB94 /* Info.plist */ = {isa = PBXFileReference; lastKnownFileType = text.plist.xml; path = Info.plist; sourceTree = "<group>"; };
		BE2D3C2B1CC54245002DEB94 /* inMacChat-Bridging-Header.h */ = {isa = PBXFileReference; lastKnownFileType = sourcecode.c.h; path = "inMacChat-Bridging-Header.h"; sourceTree = SOURCE_ROOT; };
		BE2D3C4D1CC542A1002DEB94 /* FloatLabelTextView.swift */ = {isa = PBXFileReference; fileEncoding = 4; lastKnownFileType = sourcecode.swift; path = FloatLabelTextView.swift; sourceTree = "<group>"; };
		BE2D3C4E1CC542A1002DEB94 /* FloatLabelTextField.swift */ = {isa = PBXFileReference; fileEncoding = 4; lastKnownFileType = sourcecode.swift; path = FloatLabelTextField.swift; sourceTree = "<group>"; };
		BE30DBA81CC7CC6B002B891B /* inMacChat.entitlements */ = {isa = PBXFileReference; lastKnownFileType = text.xml; path = inMacChat.entitlements; sourceTree = "<group>"; };
		BE30DBA91CC7D718002B891B /* NewChatViewController.swift */ = {isa = PBXFileReference; fileEncoding = 4; lastKnownFileType = sourcecode.swift; path = NewChatViewController.swift; sourceTree = "<group>"; };
		BE338FC41CC9395A00954B38 /* Message.swift */ = {isa = PBXFileReference; fileEncoding = 4; lastKnownFileType = sourcecode.swift; path = Message.swift; sourceTree = "<group>"; };
		BE338FC51CC9395A00954B38 /* User.swift */ = {isa = PBXFileReference; fileEncoding = 4; lastKnownFileType = sourcecode.swift; path = User.swift; sourceTree = "<group>"; };
		BE33A59F1CC629A300917037 /* CodeValidationViewController.swift */ = {isa = PBXFileReference; fileEncoding = 4; lastKnownFileType = sourcecode.swift; path = CodeValidationViewController.swift; sourceTree = "<group>"; };
		BE5A338D1CC97CAA00AA18EB /* BBCodeString.h */ = {isa = PBXFileReference; fileEncoding = 4; lastKnownFileType = sourcecode.c.h; path = BBCodeString.h; sourceTree = "<group>"; };
		BE5A338E1CC97CAA00AA18EB /* BBCodeString.m */ = {isa = PBXFileReference; fileEncoding = 4; lastKnownFileType = sourcecode.c.objc; path = BBCodeString.m; sourceTree = "<group>"; };
		BE5A338F1CC97CAA00AA18EB /* BBCodeStringDelegate.h */ = {isa = PBXFileReference; fileEncoding = 4; lastKnownFileType = sourcecode.c.h; path = BBCodeStringDelegate.h; sourceTree = "<group>"; };
		BE5A33901CC97CAA00AA18EB /* BBAttribute.h */ = {isa = PBXFileReference; fileEncoding = 4; lastKnownFileType = sourcecode.c.h; path = BBAttribute.h; sourceTree = "<group>"; };
		BE5A33911CC97CAA00AA18EB /* BBAttribute.m */ = {isa = PBXFileReference; fileEncoding = 4; lastKnownFileType = sourcecode.c.objc; path = BBAttribute.m; sourceTree = "<group>"; };
		BE5A33921CC97CAA00AA18EB /* BBCodeParser.h */ = {isa = PBXFileReference; fileEncoding = 4; lastKnownFileType = sourcecode.c.h; path = BBCodeParser.h; sourceTree = "<group>"; };
		BE5A33931CC97CAA00AA18EB /* NSMutableAttributedString+BBCodeString.h */ = {isa = PBXFileReference; fileEncoding = 4; lastKnownFileType = sourcecode.c.h; path = "NSMutableAttributedString+BBCodeString.h"; sourceTree = "<group>"; };
		BE5A33941CC97CAA00AA18EB /* NSMutableAttributedString+BBCodeString.m */ = {isa = PBXFileReference; fileEncoding = 4; lastKnownFileType = sourcecode.c.objc; path = "NSMutableAttributedString+BBCodeString.m"; sourceTree = "<group>"; };
		BE5A33951CC97CAA00AA18EB /* BBCodeParser.m */ = {isa = PBXFileReference; fileEncoding = 4; lastKnownFileType = sourcecode.c.objc; path = BBCodeParser.m; sourceTree = "<group>"; };
		BE5A33961CC97CAA00AA18EB /* BBCodeParserDelegate.h */ = {isa = PBXFileReference; fileEncoding = 4; lastKnownFileType = sourcecode.c.h; path = BBCodeParserDelegate.h; sourceTree = "<group>"; };
		BE5A33971CC97CAA00AA18EB /* BBElement.h */ = {isa = PBXFileReference; fileEncoding = 4; lastKnownFileType = sourcecode.c.h; path = BBElement.h; sourceTree = "<group>"; };
		BE5A33981CC97CAA00AA18EB /* BBElement.m */ = {isa = PBXFileReference; fileEncoding = 4; lastKnownFileType = sourcecode.c.objc; path = BBElement.m; sourceTree = "<group>"; };
		BE5A33991CC97CAA00AA18EB /* BBParsingElement.h */ = {isa = PBXFileReference; fileEncoding = 4; lastKnownFileType = sourcecode.c.h; path = BBParsingElement.h; sourceTree = "<group>"; };
		BE5A339A1CC97CAA00AA18EB /* BBParsingElement.m */ = {isa = PBXFileReference; fileEncoding = 4; lastKnownFileType = sourcecode.c.objc; path = BBParsingElement.m; sourceTree = "<group>"; };
		BE5A33A11CC9835800AA18EB /* TextFormatter.swift */ = {isa = PBXFileReference; fileEncoding = 4; lastKnownFileType = sourcecode.swift; path = TextFormatter.swift; sourceTree = "<group>"; };
		BE9931491CC76D18009F26EB /* KeyChain.swift */ = {isa = PBXFileReference; fileEncoding = 4; lastKnownFileType = sourcecode.swift; path = KeyChain.swift; sourceTree = "<group>"; };
		BE9931611CC78F6E009F26EB /* QuartzCore.framework */ = {isa = PBXFileReference; lastKnownFileType = wrapper.framework; name = QuartzCore.framework; path = System/Library/Frameworks/QuartzCore.framework; sourceTree = SDKROOT; };
		BE9931631CC796CD009F26EB /* PASImageView.swift */ = {isa = PBXFileReference; fileEncoding = 4; lastKnownFileType = sourcecode.swift; path = PASImageView.swift; sourceTree = "<group>"; };
		BEA5FC311CC96EF500A52D34 /* noavatar.png */ = {isa = PBXFileReference; lastKnownFileType = image.png; path = noavatar.png; sourceTree = "<group>"; };
		BEC7A99F1CC7E1A700454B3A /* SLKInputAccessoryView.h */ = {isa = PBXFileReference; fileEncoding = 4; lastKnownFileType = sourcecode.c.h; path = SLKInputAccessoryView.h; sourceTree = "<group>"; };
		BEC7A9A01CC7E1A700454B3A /* SLKInputAccessoryView.m */ = {isa = PBXFileReference; fileEncoding = 4; lastKnownFileType = sourcecode.c.objc; path = SLKInputAccessoryView.m; sourceTree = "<group>"; };
		BEC7A9A11CC7E1A700454B3A /* SLKTextInput+Implementation.m */ = {isa = PBXFileReference; fileEncoding = 4; lastKnownFileType = sourcecode.c.objc; path = "SLKTextInput+Implementation.m"; sourceTree = "<group>"; };
		BEC7A9A21CC7E1A700454B3A /* SLKTextInput.h */ = {isa = PBXFileReference; fileEncoding = 4; lastKnownFileType = sourcecode.c.h; path = SLKTextInput.h; sourceTree = "<group>"; };
		BEC7A9A31CC7E1A700454B3A /* SLKTextInputbar.h */ = {isa = PBXFileReference; fileEncoding = 4; lastKnownFileType = sourcecode.c.h; path = SLKTextInputbar.h; sourceTree = "<group>"; };
		BEC7A9A41CC7E1A700454B3A /* SLKTextInputbar.m */ = {isa = PBXFileReference; fileEncoding = 4; lastKnownFileType = sourcecode.c.objc; path = SLKTextInputbar.m; sourceTree = "<group>"; };
		BEC7A9A51CC7E1A700454B3A /* SLKTextView+SLKAdditions.h */ = {isa = PBXFileReference; fileEncoding = 4; lastKnownFileType = sourcecode.c.h; path = "SLKTextView+SLKAdditions.h"; sourceTree = "<group>"; };
		BEC7A9A61CC7E1A700454B3A /* SLKTextView+SLKAdditions.m */ = {isa = PBXFileReference; fileEncoding = 4; lastKnownFileType = sourcecode.c.objc; path = "SLKTextView+SLKAdditions.m"; sourceTree = "<group>"; };
		BEC7A9A71CC7E1A700454B3A /* SLKTextView.h */ = {isa = PBXFileReference; fileEncoding = 4; lastKnownFileType = sourcecode.c.h; path = SLKTextView.h; sourceTree = "<group>"; };
		BEC7A9A81CC7E1A700454B3A /* SLKTextView.m */ = {isa = PBXFileReference; fileEncoding = 4; lastKnownFileType = sourcecode.c.objc; path = SLKTextView.m; sourceTree = "<group>"; };
		BEC7A9A91CC7E1A700454B3A /* SLKTextViewController.h */ = {isa = PBXFileReference; fileEncoding = 4; lastKnownFileType = sourcecode.c.h; path = SLKTextViewController.h; sourceTree = "<group>"; };
		BEC7A9AA1CC7E1A700454B3A /* SLKTextViewController.m */ = {isa = PBXFileReference; fileEncoding = 4; lastKnownFileType = sourcecode.c.objc; path = SLKTextViewController.m; sourceTree = "<group>"; };
		BEC7A9AB1CC7E1A700454B3A /* SLKTypingIndicatorProtocol.h */ = {isa = PBXFileReference; fileEncoding = 4; lastKnownFileType = sourcecode.c.h; path = SLKTypingIndicatorProtocol.h; sourceTree = "<group>"; };
		BEC7A9AC1CC7E1A700454B3A /* SLKTypingIndicatorView.h */ = {isa = PBXFileReference; fileEncoding = 4; lastKnownFileType = sourcecode.c.h; path = SLKTypingIndicatorView.h; sourceTree = "<group>"; };
		BEC7A9AD1CC7E1A700454B3A /* SLKTypingIndicatorView.m */ = {isa = PBXFileReference; fileEncoding = 4; lastKnownFileType = sourcecode.c.objc; path = SLKTypingIndicatorView.m; sourceTree = "<group>"; };
		BEC7A9AE1CC7E1A700454B3A /* SLKUIConstants.h */ = {isa = PBXFileReference; fileEncoding = 4; lastKnownFileType = sourcecode.c.h; path = SLKUIConstants.h; sourceTree = "<group>"; };
		BEC7A9AF1CC7E1A700454B3A /* UIResponder+SLKAdditions.h */ = {isa = PBXFileReference; fileEncoding = 4; lastKnownFileType = sourcecode.c.h; path = "UIResponder+SLKAdditions.h"; sourceTree = "<group>"; };
		BEC7A9B01CC7E1A700454B3A /* UIResponder+SLKAdditions.m */ = {isa = PBXFileReference; fileEncoding = 4; lastKnownFileType = sourcecode.c.objc; path = "UIResponder+SLKAdditions.m"; sourceTree = "<group>"; };
		BEC7A9B11CC7E1A700454B3A /* UIScrollView+SLKAdditions.h */ = {isa = PBXFileReference; fileEncoding = 4; lastKnownFileType = sourcecode.c.h; path = "UIScrollView+SLKAdditions.h"; sourceTree = "<group>"; };
		BEC7A9B21CC7E1A700454B3A /* UIScrollView+SLKAdditions.m */ = {isa = PBXFileReference; fileEncoding = 4; lastKnownFileType = sourcecode.c.objc; path = "UIScrollView+SLKAdditions.m"; sourceTree = "<group>"; };
		BEC7A9B31CC7E1A700454B3A /* UIView+SLKAdditions.h */ = {isa = PBXFileReference; fileEncoding = 4; lastKnownFileType = sourcecode.c.h; path = "UIView+SLKAdditions.h"; sourceTree = "<group>"; };
		BEC7A9B41CC7E1A700454B3A /* UIView+SLKAdditions.m */ = {isa = PBXFileReference; fileEncoding = 4; lastKnownFileType = sourcecode.c.objc; path = "UIView+SLKAdditions.m"; sourceTree = "<group>"; };
		BEC7A9C01CC7E1B500454B3A /* SocketAckEmitter.swift */ = {isa = PBXFileReference; fileEncoding = 4; lastKnownFileType = sourcecode.swift; path = SocketAckEmitter.swift; sourceTree = "<group>"; };
		BEC7A9C11CC7E1B500454B3A /* SocketAckManager.swift */ = {isa = PBXFileReference; fileEncoding = 4; lastKnownFileType = sourcecode.swift; path = SocketAckManager.swift; sourceTree = "<group>"; };
		BEC7A9C21CC7E1B500454B3A /* SocketAnyEvent.swift */ = {isa = PBXFileReference; fileEncoding = 4; lastKnownFileType = sourcecode.swift; path = SocketAnyEvent.swift; sourceTree = "<group>"; };
		BEC7A9C31CC7E1B500454B3A /* SocketEngine.swift */ = {isa = PBXFileReference; fileEncoding = 4; lastKnownFileType = sourcecode.swift; path = SocketEngine.swift; sourceTree = "<group>"; };
		BEC7A9C41CC7E1B500454B3A /* SocketEngineClient.swift */ = {isa = PBXFileReference; fileEncoding = 4; lastKnownFileType = sourcecode.swift; path = SocketEngineClient.swift; sourceTree = "<group>"; };
		BEC7A9C51CC7E1B500454B3A /* SocketEnginePacketType.swift */ = {isa = PBXFileReference; fileEncoding = 4; lastKnownFileType = sourcecode.swift; path = SocketEnginePacketType.swift; sourceTree = "<group>"; };
		BEC7A9C61CC7E1B500454B3A /* SocketEngineSpec.swift */ = {isa = PBXFileReference; fileEncoding = 4; lastKnownFileType = sourcecode.swift; path = SocketEngineSpec.swift; sourceTree = "<group>"; };
		BEC7A9C71CC7E1B500454B3A /* SocketEventHandler.swift */ = {isa = PBXFileReference; fileEncoding = 4; lastKnownFileType = sourcecode.swift; path = SocketEventHandler.swift; sourceTree = "<group>"; };
		BEC7A9C81CC7E1B500454B3A /* SocketFixUTF8.swift */ = {isa = PBXFileReference; fileEncoding = 4; lastKnownFileType = sourcecode.swift; path = SocketFixUTF8.swift; sourceTree = "<group>"; };
		BEC7A9C91CC7E1B500454B3A /* SocketIOClient.swift */ = {isa = PBXFileReference; fileEncoding = 4; lastKnownFileType = sourcecode.swift; path = SocketIOClient.swift; sourceTree = "<group>"; };
		BEC7A9CA1CC7E1B500454B3A /* SocketIOClientOption.swift */ = {isa = PBXFileReference; fileEncoding = 4; lastKnownFileType = sourcecode.swift; path = SocketIOClientOption.swift; sourceTree = "<group>"; };
		BEC7A9CB1CC7E1B500454B3A /* SocketIOClientStatus.swift */ = {isa = PBXFileReference; fileEncoding = 4; lastKnownFileType = sourcecode.swift; path = SocketIOClientStatus.swift; sourceTree = "<group>"; };
		BEC7A9CC1CC7E1B500454B3A /* SocketLogger.swift */ = {isa = PBXFileReference; fileEncoding = 4; lastKnownFileType = sourcecode.swift; path = SocketLogger.swift; sourceTree = "<group>"; };
		BEC7A9CD1CC7E1B500454B3A /* SocketPacket.swift */ = {isa = PBXFileReference; fileEncoding = 4; lastKnownFileType = sourcecode.swift; path = SocketPacket.swift; sourceTree = "<group>"; };
		BEC7A9CE1CC7E1B500454B3A /* SocketParser.swift */ = {isa = PBXFileReference; fileEncoding = 4; lastKnownFileType = sourcecode.swift; path = SocketParser.swift; sourceTree = "<group>"; };
		BEC7A9CF1CC7E1B500454B3A /* SocketStringReader.swift */ = {isa = PBXFileReference; fileEncoding = 4; lastKnownFileType = sourcecode.swift; path = SocketStringReader.swift; sourceTree = "<group>"; };
		BEC7A9D01CC7E1B500454B3A /* SocketTypes.swift */ = {isa = PBXFileReference; fileEncoding = 4; lastKnownFileType = sourcecode.swift; path = SocketTypes.swift; sourceTree = "<group>"; };
		BEC7A9D11CC7E1B500454B3A /* SwiftRegex.swift */ = {isa = PBXFileReference; fileEncoding = 4; lastKnownFileType = sourcecode.swift; path = SwiftRegex.swift; sourceTree = "<group>"; };
		BEC7A9D21CC7E1B500454B3A /* WebSocket.swift */ = {isa = PBXFileReference; fileEncoding = 4; lastKnownFileType = sourcecode.swift; path = WebSocket.swift; sourceTree = "<group>"; };
		BEEB64951CC9520900621B90 /* ChatCell.swift */ = {isa = PBXFileReference; fileEncoding = 4; lastKnownFileType = sourcecode.swift; path = ChatCell.swift; sourceTree = "<group>"; };
/* End PBXFileReference section */

/* Begin PBXFrameworksBuildPhase section */
		BE2D3BEA1CC5396C002DEB94 /* Frameworks */ = {
			isa = PBXFrameworksBuildPhase;
			buildActionMask = 2147483647;
			files = (
				3CE5BDC8BEE87195E73E32FE /* Pods_inMacChat.framework in Frameworks */,
			);
			runOnlyForDeploymentPostprocessing = 0;
		};
/* End PBXFrameworksBuildPhase section */

/* Begin PBXGroup section */
		06A6E61E8B3F1C117C7A009A /* Pods */ = {
			isa = PBXGroup;
			children = (
				BE26B345A36C61CCA2BF9738 /* Pods-inMacChat.debug.xcconfig */,
				B0F3F48EA804465DAD4A47BF /* Pods-inMacChat.release.xcconfig */,
			);
			name = Pods;
			sourceTree = "<group>";
		};
		B4FD9B524FE051EF3661CE8B /* Frameworks */ = {
			isa = PBXGroup;
			children = (
				BE5A338C1CC9793700AA18EB /* BBCodeString */,
				BEC7A9BF1CC7E1B500454B3A /* SocketIO */,
				BEC7A99E1CC7E1A700454B3A /* SlackTextViewController */,
				BE9931611CC78F6E009F26EB /* QuartzCore.framework */,
				BE2D3C4C1CC54290002DEB94 /* FloatLabel */,
				910549574D1DDEC97352CAF6 /* Pods_inMacChat.framework */,
			);
			name = Frameworks;
			sourceTree = "<group>";
		};
		BE2D3BE41CC5396C002DEB94 = {
			isa = PBXGroup;
			children = (
				BE2D3BEF1CC5396C002DEB94 /* inMacChat */,
				BE2D3BEE1CC5396C002DEB94 /* Products */,
				06A6E61E8B3F1C117C7A009A /* Pods */,
				B4FD9B524FE051EF3661CE8B /* Frameworks */,
			);
			sourceTree = "<group>";
		};
		BE2D3BEE1CC5396C002DEB94 /* Products */ = {
			isa = PBXGroup;
			children = (
				BE2D3BED1CC5396C002DEB94 /* inMacChat.app */,
			);
			name = Products;
			sourceTree = "<group>";
		};
		BE2D3BEF1CC5396C002DEB94 /* inMacChat */ = {
			isa = PBXGroup;
			children = (
				BEA5FC311CC96EF500A52D34 /* noavatar.png */,
				BE99314B1CC77DEC009F26EB /* Controllers */,
				BE99314C1CC77DF0009F26EB /* Models */,
				BE2D3BF01CC5396C002DEB94 /* AppDelegate.swift */,
				BE9931601CC785F5009F26EB /* Shared */,
				BE2D3BF41CC5396C002DEB94 /* Main.storyboard */,
				BE2D3BF71CC5396C002DEB94 /* Assets.xcassets */,
				BE2D3BF91CC5396C002DEB94 /* LaunchScreen.storyboard */,
				BE99314D1CC77E08009F26EB /* Support Files */,
			);
			path = inMacChat;
			sourceTree = "<group>";
		};
		BE2D3C4C1CC54290002DEB94 /* FloatLabel */ = {
			isa = PBXGroup;
			children = (
				BE2D3C4D1CC542A1002DEB94 /* FloatLabelTextView.swift */,
				BE2D3C4E1CC542A1002DEB94 /* FloatLabelTextField.swift */,
			);
			name = FloatLabel;
			sourceTree = "<group>";
		};
		BE5A338C1CC9793700AA18EB /* BBCodeString */ = {
			isa = PBXGroup;
			children = (
				BE5A338D1CC97CAA00AA18EB /* BBCodeString.h */,
				BE5A338E1CC97CAA00AA18EB /* BBCodeString.m */,
				BE5A338F1CC97CAA00AA18EB /* BBCodeStringDelegate.h */,
				BE5A33901CC97CAA00AA18EB /* BBAttribute.h */,
				BE5A33911CC97CAA00AA18EB /* BBAttribute.m */,
				BE5A33921CC97CAA00AA18EB /* BBCodeParser.h */,
				BE5A33931CC97CAA00AA18EB /* NSMutableAttributedString+BBCodeString.h */,
				BE5A33941CC97CAA00AA18EB /* NSMutableAttributedString+BBCodeString.m */,
				BE5A33951CC97CAA00AA18EB /* BBCodeParser.m */,
				BE5A33961CC97CAA00AA18EB /* BBCodeParserDelegate.h */,
				BE5A33971CC97CAA00AA18EB /* BBElement.h */,
				BE5A33981CC97CAA00AA18EB /* BBElement.m */,
				BE5A33991CC97CAA00AA18EB /* BBParsingElement.h */,
				BE5A339A1CC97CAA00AA18EB /* BBParsingElement.m */,
			);
			name = BBCodeString;
			sourceTree = "<group>";
		};
		BE99314B1CC77DEC009F26EB /* Controllers */ = {
			isa = PBXGroup;
			children = (
				BE2D3BF21CC5396C002DEB94 /* NickNameViewController.swift */,
				BE33A59F1CC629A300917037 /* CodeValidationViewController.swift */,
				BE30DBA91CC7D718002B891B /* NewChatViewController.swift */,
			);
			name = Controllers;
			sourceTree = "<group>";
		};
		BE99314C1CC77DF0009F26EB /* Models */ = {
			isa = PBXGroup;
			children = (
				BEEB64941CC951F500621B90 /* JSONmodels */,
				BE9931491CC76D18009F26EB /* KeyChain.swift */,
				BE9931631CC796CD009F26EB /* PASImageView.swift */,
				BE5A33A11CC9835800AA18EB /* TextFormatter.swift */,
			);
			name = Models;
			sourceTree = "<group>";
		};
		BE99314D1CC77E08009F26EB /* Support Files */ = {
			isa = PBXGroup;
			children = (
				BE2D3BFC1CC5396C002DEB94 /* Info.plist */,
				BE30DBA81CC7CC6B002B891B /* inMacChat.entitlements */,
				BE2D3C2B1CC54245002DEB94 /* inMacChat-Bridging-Header.h */,
			);
			name = "Support Files";
			sourceTree = "<group>";
		};
		BE9931601CC785F5009F26EB /* Shared */ = {
			isa = PBXGroup;
			children = (
			);
			name = Shared;
			sourceTree = "<group>";
		};
		BEC7A99E1CC7E1A700454B3A /* SlackTextViewController */ = {
			isa = PBXGroup;
			children = (
				BEC7A99F1CC7E1A700454B3A /* SLKInputAccessoryView.h */,
				BEC7A9A01CC7E1A700454B3A /* SLKInputAccessoryView.m */,
				BEC7A9A11CC7E1A700454B3A /* SLKTextInput+Implementation.m */,
				BEC7A9A21CC7E1A700454B3A /* SLKTextInput.h */,
				BEC7A9A31CC7E1A700454B3A /* SLKTextInputbar.h */,
				BEC7A9A41CC7E1A700454B3A /* SLKTextInputbar.m */,
				BEC7A9A51CC7E1A700454B3A /* SLKTextView+SLKAdditions.h */,
				BEC7A9A61CC7E1A700454B3A /* SLKTextView+SLKAdditions.m */,
				BEC7A9A71CC7E1A700454B3A /* SLKTextView.h */,
				BEC7A9A81CC7E1A700454B3A /* SLKTextView.m */,
				BEC7A9A91CC7E1A700454B3A /* SLKTextViewController.h */,
				BEC7A9AA1CC7E1A700454B3A /* SLKTextViewController.m */,
				BEC7A9AB1CC7E1A700454B3A /* SLKTypingIndicatorProtocol.h */,
				BEC7A9AC1CC7E1A700454B3A /* SLKTypingIndicatorView.h */,
				BEC7A9AD1CC7E1A700454B3A /* SLKTypingIndicatorView.m */,
				BEC7A9AE1CC7E1A700454B3A /* SLKUIConstants.h */,
				BEC7A9AF1CC7E1A700454B3A /* UIResponder+SLKAdditions.h */,
				BEC7A9B01CC7E1A700454B3A /* UIResponder+SLKAdditions.m */,
				BEC7A9B11CC7E1A700454B3A /* UIScrollView+SLKAdditions.h */,
				BEC7A9B21CC7E1A700454B3A /* UIScrollView+SLKAdditions.m */,
				BEC7A9B31CC7E1A700454B3A /* UIView+SLKAdditions.h */,
				BEC7A9B41CC7E1A700454B3A /* UIView+SLKAdditions.m */,
			);
			name = SlackTextViewController;
			path = inMacChat/SlackTextViewController;
			sourceTree = "<group>";
		};
		BEC7A9BF1CC7E1B500454B3A /* SocketIO */ = {
			isa = PBXGroup;
			children = (
				BEC7A9C01CC7E1B500454B3A /* SocketAckEmitter.swift */,
				BEC7A9C11CC7E1B500454B3A /* SocketAckManager.swift */,
				BEC7A9C21CC7E1B500454B3A /* SocketAnyEvent.swift */,
				BEC7A9C31CC7E1B500454B3A /* SocketEngine.swift */,
				BEC7A9C41CC7E1B500454B3A /* SocketEngineClient.swift */,
				BEC7A9C51CC7E1B500454B3A /* SocketEnginePacketType.swift */,
				BEC7A9C61CC7E1B500454B3A /* SocketEngineSpec.swift */,
				BEC7A9C71CC7E1B500454B3A /* SocketEventHandler.swift */,
				BEC7A9C81CC7E1B500454B3A /* SocketFixUTF8.swift */,
				BEC7A9C91CC7E1B500454B3A /* SocketIOClient.swift */,
				BEC7A9CA1CC7E1B500454B3A /* SocketIOClientOption.swift */,
				BEC7A9CB1CC7E1B500454B3A /* SocketIOClientStatus.swift */,
				BEC7A9CC1CC7E1B500454B3A /* SocketLogger.swift */,
				BEC7A9CD1CC7E1B500454B3A /* SocketPacket.swift */,
				BEC7A9CE1CC7E1B500454B3A /* SocketParser.swift */,
				BEC7A9CF1CC7E1B500454B3A /* SocketStringReader.swift */,
				BEC7A9D01CC7E1B500454B3A /* SocketTypes.swift */,
				BEC7A9D11CC7E1B500454B3A /* SwiftRegex.swift */,
				BEC7A9D21CC7E1B500454B3A /* WebSocket.swift */,
			);
			name = SocketIO;
			path = inMacChat/SocketIO;
			sourceTree = "<group>";
		};
		BEEB64941CC951F500621B90 /* JSONmodels */ = {
			isa = PBXGroup;
			children = (
				BE338FC51CC9395A00954B38 /* User.swift */,
				BE338FC41CC9395A00954B38 /* Message.swift */,
				BEEB64951CC9520900621B90 /* ChatCell.swift */,
			);
			name = JSONmodels;
			sourceTree = "<group>";
		};
/* End PBXGroup section */

/* Begin PBXNativeTarget section */
		BE2D3BEC1CC5396C002DEB94 /* inMacChat */ = {
			isa = PBXNativeTarget;
			buildConfigurationList = BE2D3BFF1CC5396C002DEB94 /* Build configuration list for PBXNativeTarget "inMacChat" */;
			buildPhases = (
				1581AE4CF50E2CC6BE0CBF4A /* 📦 Check Pods Manifest.lock */,
				BE2D3BE91CC5396C002DEB94 /* Sources */,
				BE2D3BEA1CC5396C002DEB94 /* Frameworks */,
				BE2D3BEB1CC5396C002DEB94 /* Resources */,
				BF1E7CEA88025EF9D09571B2 /* 📦 Embed Pods Frameworks */,
				234E9398E5FEBCB122A36AEE /* 📦 Copy Pods Resources */,
			);
			buildRules = (
			);
			dependencies = (
			);
			name = inMacChat;
			productName = inMacChat;
			productReference = BE2D3BED1CC5396C002DEB94 /* inMacChat.app */;
			productType = "com.apple.product-type.application";
		};
/* End PBXNativeTarget section */

/* Begin PBXProject section */
		BE2D3BE51CC5396C002DEB94 /* Project object */ = {
			isa = PBXProject;
			attributes = {
				LastSwiftUpdateCheck = 0730;
				LastUpgradeCheck = 0730;
				ORGANIZATIONNAME = "Gleb Karpushkin";
				TargetAttributes = {
					BE2D3BEC1CC5396C002DEB94 = {
						CreatedOnToolsVersion = 7.3;
						DevelopmentTeam = QHQL7836SK;
						SystemCapabilities = {
							com.apple.BackgroundModes = {
								enabled = 1;
							};
							com.apple.Keychain = {
								enabled = 1;
							};
						};
					};
				};
			};
			buildConfigurationList = BE2D3BE81CC5396C002DEB94 /* Build configuration list for PBXProject "inMacChat" */;
			compatibilityVersion = "Xcode 3.2";
			developmentRegion = English;
			hasScannedForEncodings = 0;
			knownRegions = (
				en,
				Base,
			);
			mainGroup = BE2D3BE41CC5396C002DEB94;
			productRefGroup = BE2D3BEE1CC5396C002DEB94 /* Products */;
			projectDirPath = "";
			projectRoot = "";
			targets = (
				BE2D3BEC1CC5396C002DEB94 /* inMacChat */,
			);
		};
/* End PBXProject section */

/* Begin PBXResourcesBuildPhase section */
		BE2D3BEB1CC5396C002DEB94 /* Resources */ = {
			isa = PBXResourcesBuildPhase;
			buildActionMask = 2147483647;
			files = (
				BE2D3BFB1CC5396C002DEB94 /* LaunchScreen.storyboard in Resources */,
				BE2D3BF81CC5396C002DEB94 /* Assets.xcassets in Resources */,
				BE2D3BF61CC5396C002DEB94 /* Main.storyboard in Resources */,
				BEA5FC321CC96EF500A52D34 /* noavatar.png in Resources */,
			);
			runOnlyForDeploymentPostprocessing = 0;
		};
/* End PBXResourcesBuildPhase section */

/* Begin PBXShellScriptBuildPhase section */
		1581AE4CF50E2CC6BE0CBF4A /* 📦 Check Pods Manifest.lock */ = {
			isa = PBXShellScriptBuildPhase;
			buildActionMask = 2147483647;
			files = (
			);
			inputPaths = (
			);
			name = "📦 Check Pods Manifest.lock";
			outputPaths = (
			);
			runOnlyForDeploymentPostprocessing = 0;
			shellPath = /bin/sh;
			shellScript = "diff \"${PODS_ROOT}/../Podfile.lock\" \"${PODS_ROOT}/Manifest.lock\" > /dev/null\nif [[ $? != 0 ]] ; then\n    cat << EOM\nerror: The sandbox is not in sync with the Podfile.lock. Run 'pod install' or update your CocoaPods installation.\nEOM\n    exit 1\nfi\n";
			showEnvVarsInLog = 0;
		};
		234E9398E5FEBCB122A36AEE /* 📦 Copy Pods Resources */ = {
			isa = PBXShellScriptBuildPhase;
			buildActionMask = 2147483647;
			files = (
			);
			inputPaths = (
			);
			name = "📦 Copy Pods Resources";
			outputPaths = (
			);
			runOnlyForDeploymentPostprocessing = 0;
			shellPath = /bin/sh;
			shellScript = "\"${SRCROOT}/Pods/Target Support Files/Pods-inMacChat/Pods-inMacChat-resources.sh\"\n";
			showEnvVarsInLog = 0;
		};
		BF1E7CEA88025EF9D09571B2 /* 📦 Embed Pods Frameworks */ = {
			isa = PBXShellScriptBuildPhase;
			buildActionMask = 2147483647;
			files = (
			);
			inputPaths = (
			);
			name = "📦 Embed Pods Frameworks";
			outputPaths = (
			);
			runOnlyForDeploymentPostprocessing = 0;
			shellPath = /bin/sh;
			shellScript = "\"${SRCROOT}/Pods/Target Support Files/Pods-inMacChat/Pods-inMacChat-frameworks.sh\"\n";
			showEnvVarsInLog = 0;
		};
/* End PBXShellScriptBuildPhase section */

/* Begin PBXSourcesBuildPhase section */
		BE2D3BE91CC5396C002DEB94 /* Sources */ = {
			isa = PBXSourcesBuildPhase;
			buildActionMask = 2147483647;
			files = (
				BEC7A9E41CC7E1B500454B3A /* SwiftRegex.swift in Sources */,
				BE5A339E1CC97CAA00AA18EB /* BBCodeParser.m in Sources */,
				BEC7A9E31CC7E1B500454B3A /* SocketTypes.swift in Sources */,
				BE2D3BF31CC5396C002DEB94 /* NickNameViewController.swift in Sources */,
				BEC7A9BD1CC7E1A700454B3A /* UIScrollView+SLKAdditions.m in Sources */,
				BEC7A9B71CC7E1A700454B3A /* SLKTextInputbar.m in Sources */,
				BEC7A9DF1CC7E1B500454B3A /* SocketLogger.swift in Sources */,
				BEC7A9BC1CC7E1A700454B3A /* UIResponder+SLKAdditions.m in Sources */,
				BE2D3C501CC542A1002DEB94 /* FloatLabelTextField.swift in Sources */,
				BEC7A9B51CC7E1A700454B3A /* SLKInputAccessoryView.m in Sources */,
				BEC7A9DB1CC7E1B500454B3A /* SocketFixUTF8.swift in Sources */,
				BEC7A9E51CC7E1B500454B3A /* WebSocket.swift in Sources */,
				BEC7A9E01CC7E1B500454B3A /* SocketPacket.swift in Sources */,
				BE338FC71CC9395A00954B38 /* User.swift in Sources */,
				BE2D3C4F1CC542A1002DEB94 /* FloatLabelTextView.swift in Sources */,
				BEC7A9BB1CC7E1A700454B3A /* SLKTypingIndicatorView.m in Sources */,
				BEC7A9D31CC7E1B500454B3A /* SocketAckEmitter.swift in Sources */,
				BEC7A9B81CC7E1A700454B3A /* SLKTextView+SLKAdditions.m in Sources */,
				BEC7A9E11CC7E1B500454B3A /* SocketParser.swift in Sources */,
				BE30DBAA1CC7D718002B891B /* NewChatViewController.swift in Sources */,
				BEC7A9D61CC7E1B500454B3A /* SocketEngine.swift in Sources */,
				BE33A5A01CC629A300917037 /* CodeValidationViewController.swift in Sources */,
				BEC7A9D71CC7E1B500454B3A /* SocketEngineClient.swift in Sources */,
				BEC7A9E21CC7E1B500454B3A /* SocketStringReader.swift in Sources */,
				BEC7A9B61CC7E1A700454B3A /* SLKTextInput+Implementation.m in Sources */,
				BE5A33A01CC97CAA00AA18EB /* BBParsingElement.m in Sources */,
				BE338FC61CC9395A00954B38 /* Message.swift in Sources */,
				BEC7A9D41CC7E1B500454B3A /* SocketAckManager.swift in Sources */,
				BE5A339C1CC97CAA00AA18EB /* BBAttribute.m in Sources */,
				BEC7A9D81CC7E1B500454B3A /* SocketEnginePacketType.swift in Sources */,
				BE5A339F1CC97CAA00AA18EB /* BBElement.m in Sources */,
				BEC7A9D51CC7E1B500454B3A /* SocketAnyEvent.swift in Sources */,
				BE5A33A21CC9835800AA18EB /* TextFormatter.swift in Sources */,
				BEC7A9BE1CC7E1A700454B3A /* UIView+SLKAdditions.m in Sources */,
				BEC7A9DC1CC7E1B500454B3A /* SocketIOClient.swift in Sources */,
				BE2D3BF11CC5396C002DEB94 /* AppDelegate.swift in Sources */,
				BE99314A1CC76D18009F26EB /* KeyChain.swift in Sources */,
				BE5A339B1CC97CAA00AA18EB /* BBCodeString.m in Sources */,
				BE9931641CC796CD009F26EB /* PASImageView.swift in Sources */,
				BE5A339D1CC97CAA00AA18EB /* NSMutableAttributedString+BBCodeString.m in Sources */,
				BEEB64961CC9520900621B90 /* ChatCell.swift in Sources */,
				BEC7A9DD1CC7E1B500454B3A /* SocketIOClientOption.swift in Sources */,
				BEC7A9BA1CC7E1A700454B3A /* SLKTextViewController.m in Sources */,
				BEC7A9DE1CC7E1B500454B3A /* SocketIOClientStatus.swift in Sources */,
				BEC7A9D91CC7E1B500454B3A /* SocketEngineSpec.swift in Sources */,
				BEC7A9DA1CC7E1B500454B3A /* SocketEventHandler.swift in Sources */,
				BEC7A9B91CC7E1A700454B3A /* SLKTextView.m in Sources */,
			);
			runOnlyForDeploymentPostprocessing = 0;
		};
/* End PBXSourcesBuildPhase section */

/* Begin PBXVariantGroup section */
		BE2D3BF41CC5396C002DEB94 /* Main.storyboard */ = {
			isa = PBXVariantGroup;
			children = (
				BE2D3BF51CC5396C002DEB94 /* Base */,
			);
			name = Main.storyboard;
			sourceTree = "<group>";
		};
		BE2D3BF91CC5396C002DEB94 /* LaunchScreen.storyboard */ = {
			isa = PBXVariantGroup;
			children = (
				BE2D3BFA1CC5396C002DEB94 /* Base */,
			);
			name = LaunchScreen.storyboard;
			sourceTree = "<group>";
		};
/* End PBXVariantGroup section */

/* Begin XCBuildConfiguration section */
		BE2D3BFD1CC5396C002DEB94 /* Debug */ = {
			isa = XCBuildConfiguration;
			buildSettings = {
				ALWAYS_SEARCH_USER_PATHS = NO;
				CLANG_ANALYZER_NONNULL = YES;
				CLANG_CXX_LANGUAGE_STANDARD = "gnu++0x";
				CLANG_CXX_LIBRARY = "libc++";
				CLANG_ENABLE_MODULES = YES;
				CLANG_ENABLE_OBJC_ARC = YES;
				CLANG_WARN_BOOL_CONVERSION = YES;
				CLANG_WARN_CONSTANT_CONVERSION = YES;
				CLANG_WARN_DIRECT_OBJC_ISA_USAGE = YES_ERROR;
				CLANG_WARN_EMPTY_BODY = YES;
				CLANG_WARN_ENUM_CONVERSION = YES;
				CLANG_WARN_INT_CONVERSION = YES;
				CLANG_WARN_OBJC_ROOT_CLASS = YES_ERROR;
				CLANG_WARN_UNREACHABLE_CODE = YES;
				CLANG_WARN__DUPLICATE_METHOD_MATCH = YES;
				"CODE_SIGN_IDENTITY[sdk=iphoneos*]" = "iPhone Developer";
				COPY_PHASE_STRIP = NO;
				DEBUG_INFORMATION_FORMAT = dwarf;
				ENABLE_STRICT_OBJC_MSGSEND = YES;
				ENABLE_TESTABILITY = YES;
				GCC_C_LANGUAGE_STANDARD = gnu99;
				GCC_DYNAMIC_NO_PIC = NO;
				GCC_NO_COMMON_BLOCKS = YES;
				GCC_OPTIMIZATION_LEVEL = 0;
				GCC_PREPROCESSOR_DEFINITIONS = (
					"DEBUG=1",
					"$(inherited)",
				);
				GCC_WARN_64_TO_32_BIT_CONVERSION = YES;
				GCC_WARN_ABOUT_RETURN_TYPE = YES_ERROR;
				GCC_WARN_UNDECLARED_SELECTOR = YES;
				GCC_WARN_UNINITIALIZED_AUTOS = YES_AGGRESSIVE;
				GCC_WARN_UNUSED_FUNCTION = YES;
				GCC_WARN_UNUSED_VARIABLE = YES;
				IPHONEOS_DEPLOYMENT_TARGET = 9.3;
				MTL_ENABLE_DEBUG_INFO = YES;
				ONLY_ACTIVE_ARCH = YES;
				SDKROOT = iphoneos;
				SWIFT_OPTIMIZATION_LEVEL = "-Onone";
				TARGETED_DEVICE_FAMILY = "1,2";
			};
			name = Debug;
		};
		BE2D3BFE1CC5396C002DEB94 /* Release */ = {
			isa = XCBuildConfiguration;
			buildSettings = {
				ALWAYS_SEARCH_USER_PATHS = NO;
				CLANG_ANALYZER_NONNULL = YES;
				CLANG_CXX_LANGUAGE_STANDARD = "gnu++0x";
				CLANG_CXX_LIBRARY = "libc++";
				CLANG_ENABLE_MODULES = YES;
				CLANG_ENABLE_OBJC_ARC = YES;
				CLANG_WARN_BOOL_CONVERSION = YES;
				CLANG_WARN_CONSTANT_CONVERSION = YES;
				CLANG_WARN_DIRECT_OBJC_ISA_USAGE = YES_ERROR;
				CLANG_WARN_EMPTY_BODY = YES;
				CLANG_WARN_ENUM_CONVERSION = YES;
				CLANG_WARN_INT_CONVERSION = YES;
				CLANG_WARN_OBJC_ROOT_CLASS = YES_ERROR;
				CLANG_WARN_UNREACHABLE_CODE = YES;
				CLANG_WARN__DUPLICATE_METHOD_MATCH = YES;
				"CODE_SIGN_IDENTITY[sdk=iphoneos*]" = "iPhone Developer";
				COPY_PHASE_STRIP = NO;
				DEBUG_INFORMATION_FORMAT = "dwarf-with-dsym";
				ENABLE_NS_ASSERTIONS = NO;
				ENABLE_STRICT_OBJC_MSGSEND = YES;
				GCC_C_LANGUAGE_STANDARD = gnu99;
				GCC_NO_COMMON_BLOCKS = YES;
				GCC_WARN_64_TO_32_BIT_CONVERSION = YES;
				GCC_WARN_ABOUT_RETURN_TYPE = YES_ERROR;
				GCC_WARN_UNDECLARED_SELECTOR = YES;
				GCC_WARN_UNINITIALIZED_AUTOS = YES_AGGRESSIVE;
				GCC_WARN_UNUSED_FUNCTION = YES;
				GCC_WARN_UNUSED_VARIABLE = YES;
				IPHONEOS_DEPLOYMENT_TARGET = 9.3;
				MTL_ENABLE_DEBUG_INFO = NO;
				SDKROOT = iphoneos;
				TARGETED_DEVICE_FAMILY = "1,2";
				VALIDATE_PRODUCT = YES;
			};
			name = Release;
		};
		BE2D3C001CC5396C002DEB94 /* Debug */ = {
			isa = XCBuildConfiguration;
			baseConfigurationReference = BE26B345A36C61CCA2BF9738 /* Pods-inMacChat.debug.xcconfig */;
			buildSettings = {
				ASSETCATALOG_COMPILER_APPICON_NAME = AppIcon;
				CLANG_ENABLE_MODULES = YES;
				CODE_SIGN_ENTITLEMENTS = inMacChat/inMacChat.entitlements;
				CODE_SIGN_IDENTITY = "iPhone Developer";
				"CODE_SIGN_IDENTITY[sdk=iphoneos*]" = "iPhone Developer: Gleb Karpushkin (JJ5D57T553)";
				INFOPLIST_FILE = inMacChat/Info.plist;
				IPHONEOS_DEPLOYMENT_TARGET = 8.1;
				LD_RUNPATH_SEARCH_PATHS = "$(inherited) @executable_path/Frameworks";
				PRODUCT_BUNDLE_IDENTIFIER = com.eyerise.inMacChat;
				PRODUCT_NAME = "$(TARGET_NAME)";
				PROVISIONING_PROFILE = "2801848a-1d90-4227-8291-80148e222239";
				SWIFT_OBJC_BRIDGING_HEADER = "inMacChat-Bridging-Header.h";
				SWIFT_OPTIMIZATION_LEVEL = "-Onone";
			};
			name = Debug;
		};
		BE2D3C011CC5396C002DEB94 /* Release */ = {
			isa = XCBuildConfiguration;
			baseConfigurationReference = B0F3F48EA804465DAD4A47BF /* Pods-inMacChat.release.xcconfig */;
			buildSettings = {
				ASSETCATALOG_COMPILER_APPICON_NAME = AppIcon;
				CLANG_ENABLE_MODULES = YES;
				CODE_SIGN_ENTITLEMENTS = inMacChat/inMacChat.entitlements;
				CODE_SIGN_IDENTITY = "iPhone Developer";
				"CODE_SIGN_IDENTITY[sdk=iphoneos*]" = "iPhone Distribution: Gleb Karpushkin (QHQL7836SK)";
				INFOPLIST_FILE = inMacChat/Info.plist;
				IPHONEOS_DEPLOYMENT_TARGET = 8.1;
				LD_RUNPATH_SEARCH_PATHS = "$(inherited) @executable_path/Frameworks";
				PRODUCT_BUNDLE_IDENTIFIER = com.eyerise.inMacChat;
				PRODUCT_NAME = "$(TARGET_NAME)";
				PROVISIONING_PROFILE = "c38483d7-235a-458c-a503-be68b5c52a90";
				SWIFT_OBJC_BRIDGING_HEADER = "inMacChat-Bridging-Header.h";
			};
			name = Release;
		};
/* End XCBuildConfiguration section */

/* Begin XCConfigurationList section */
		BE2D3BE81CC5396C002DEB94 /* Build configuration list for PBXProject "inMacChat" */ = {
			isa = XCConfigurationList;
			buildConfigurations = (
				BE2D3BFD1CC5396C002DEB94 /* Debug */,
				BE2D3BFE1CC5396C002DEB94 /* Release */,
			);
			defaultConfigurationIsVisible = 0;
			defaultConfigurationName = Release;
		};
		BE2D3BFF1CC5396C002DEB94 /* Build configuration list for PBXNativeTarget "inMacChat" */ = {
			isa = XCConfigurationList;
			buildConfigurations = (
				BE2D3C001CC5396C002DEB94 /* Debug */,
				BE2D3C011CC5396C002DEB94 /* Release */,
			);
			defaultConfigurationIsVisible = 0;
			defaultConfigurationName = Release;
		};
/* End XCConfigurationList section */
	};
	rootObject = BE2D3BE51CC5396C002DEB94 /* Project object */;
}
