// !$*UTF8*$!
{
	archiveVersion = 1;
	classes = {
	};
	objectVersion = 46;
	objects = {

/* Begin PBXBuildFile section */
		3CE5BDC8BEE87195E73E32FE /* Pods_inMacChat.framework in Frameworks */ = {isa = PBXBuildFile; fileRef = 910549574D1DDEC97352CAF6 /* Pods_inMacChat.framework */; };
		BE2D3BF11CC5396C002DEB94 /* AppDelegate.swift in Sources */ = {isa = PBXBuildFile; fileRef = BE2D3BF01CC5396C002DEB94 /* AppDelegate.swift */; };
		BE2D3BF31CC5396C002DEB94 /* NickNameViewController.swift in Sources */ = {isa = PBXBuildFile; fileRef = BE2D3BF21CC5396C002DEB94 /* NickNameViewController.swift */; };
		BE2D3BF61CC5396C002DEB94 /* Main.storyboard in Resources */ = {isa = PBXBuildFile; fileRef = BE2D3BF41CC5396C002DEB94 /* Main.storyboard */; };
		BE2D3BF81CC5396C002DEB94 /* Assets.xcassets in Resources */ = {isa = PBXBuildFile; fileRef = BE2D3BF71CC5396C002DEB94 /* Assets.xcassets */; };
		BE2D3BFB1CC5396C002DEB94 /* LaunchScreen.storyboard in Resources */ = {isa = PBXBuildFile; fileRef = BE2D3BF91CC5396C002DEB94 /* LaunchScreen.storyboard */; };
		BE2D3C161CC53B91002DEB94 /* WebSocket.swift in Sources */ = {isa = PBXBuildFile; fileRef = BE2D3C031CC53B91002DEB94 /* WebSocket.swift */; };
		BE2D3C171CC53B91002DEB94 /* SwiftRegex.swift in Sources */ = {isa = PBXBuildFile; fileRef = BE2D3C041CC53B91002DEB94 /* SwiftRegex.swift */; };
		BE2D3C181CC53B91002DEB94 /* SocketTypes.swift in Sources */ = {isa = PBXBuildFile; fileRef = BE2D3C051CC53B91002DEB94 /* SocketTypes.swift */; };
		BE2D3C191CC53B91002DEB94 /* SocketStringReader.swift in Sources */ = {isa = PBXBuildFile; fileRef = BE2D3C061CC53B91002DEB94 /* SocketStringReader.swift */; };
		BE2D3C1A1CC53B91002DEB94 /* SocketParser.swift in Sources */ = {isa = PBXBuildFile; fileRef = BE2D3C071CC53B91002DEB94 /* SocketParser.swift */; };
		BE2D3C1B1CC53B91002DEB94 /* SocketPacket.swift in Sources */ = {isa = PBXBuildFile; fileRef = BE2D3C081CC53B91002DEB94 /* SocketPacket.swift */; };
		BE2D3C1C1CC53B91002DEB94 /* SocketLogger.swift in Sources */ = {isa = PBXBuildFile; fileRef = BE2D3C091CC53B91002DEB94 /* SocketLogger.swift */; };
		BE2D3C1D1CC53B91002DEB94 /* SocketIOClientStatus.swift in Sources */ = {isa = PBXBuildFile; fileRef = BE2D3C0A1CC53B91002DEB94 /* SocketIOClientStatus.swift */; };
		BE2D3C1E1CC53B91002DEB94 /* SocketIOClientOption.swift in Sources */ = {isa = PBXBuildFile; fileRef = BE2D3C0B1CC53B91002DEB94 /* SocketIOClientOption.swift */; };
		BE2D3C1F1CC53B91002DEB94 /* SocketIOClient.swift in Sources */ = {isa = PBXBuildFile; fileRef = BE2D3C0C1CC53B91002DEB94 /* SocketIOClient.swift */; };
		BE2D3C201CC53B91002DEB94 /* SocketFixUTF8.swift in Sources */ = {isa = PBXBuildFile; fileRef = BE2D3C0D1CC53B91002DEB94 /* SocketFixUTF8.swift */; };
		BE2D3C211CC53B91002DEB94 /* SocketEventHandler.swift in Sources */ = {isa = PBXBuildFile; fileRef = BE2D3C0E1CC53B91002DEB94 /* SocketEventHandler.swift */; };
		BE2D3C221CC53B91002DEB94 /* SocketEngineSpec.swift in Sources */ = {isa = PBXBuildFile; fileRef = BE2D3C0F1CC53B91002DEB94 /* SocketEngineSpec.swift */; };
		BE2D3C231CC53B91002DEB94 /* SocketEnginePacketType.swift in Sources */ = {isa = PBXBuildFile; fileRef = BE2D3C101CC53B91002DEB94 /* SocketEnginePacketType.swift */; };
		BE2D3C241CC53B91002DEB94 /* SocketEngineClient.swift in Sources */ = {isa = PBXBuildFile; fileRef = BE2D3C111CC53B91002DEB94 /* SocketEngineClient.swift */; };
		BE2D3C251CC53B91002DEB94 /* SocketEngine.swift in Sources */ = {isa = PBXBuildFile; fileRef = BE2D3C121CC53B91002DEB94 /* SocketEngine.swift */; };
		BE2D3C261CC53B91002DEB94 /* SocketAnyEvent.swift in Sources */ = {isa = PBXBuildFile; fileRef = BE2D3C131CC53B91002DEB94 /* SocketAnyEvent.swift */; };
		BE2D3C271CC53B91002DEB94 /* SocketAckManager.swift in Sources */ = {isa = PBXBuildFile; fileRef = BE2D3C141CC53B91002DEB94 /* SocketAckManager.swift */; };
		BE2D3C281CC53B91002DEB94 /* SocketAckEmitter.swift in Sources */ = {isa = PBXBuildFile; fileRef = BE2D3C151CC53B91002DEB94 /* SocketAckEmitter.swift */; };
		BE2D3C4F1CC542A1002DEB94 /* FloatLabelTextView.swift in Sources */ = {isa = PBXBuildFile; fileRef = BE2D3C4D1CC542A1002DEB94 /* FloatLabelTextView.swift */; };
		BE2D3C501CC542A1002DEB94 /* FloatLabelTextField.swift in Sources */ = {isa = PBXBuildFile; fileRef = BE2D3C4E1CC542A1002DEB94 /* FloatLabelTextField.swift */; };
		BE30DBAA1CC7D718002B891B /* NewChatViewController.swift in Sources */ = {isa = PBXBuildFile; fileRef = BE30DBA91CC7D718002B891B /* NewChatViewController.swift */; };
		BE30DBAE1CC7DC6C002B891B /* Message.swift in Sources */ = {isa = PBXBuildFile; fileRef = BE30DBAD1CC7DC6C002B891B /* Message.swift */; };
		BE33A59E1CC54EBC00917037 /* Configuration.swift in Sources */ = {isa = PBXBuildFile; fileRef = BE33A59D1CC54EBC00917037 /* Configuration.swift */; };
		BE33A5A01CC629A300917037 /* CodeValidationViewController.swift in Sources */ = {isa = PBXBuildFile; fileRef = BE33A59F1CC629A300917037 /* CodeValidationViewController.swift */; };
		BE9931281CC75EC3009F26EB /* ChatViewController.swift in Sources */ = {isa = PBXBuildFile; fileRef = BE9931271CC75EC3009F26EB /* ChatViewController.swift */; };
		BE99313F1CC7604E009F26EB /* SLKInputAccessoryView.m in Sources */ = {isa = PBXBuildFile; fileRef = BE99312A1CC7604E009F26EB /* SLKInputAccessoryView.m */; };
		BE9931401CC7604E009F26EB /* SLKTextInput+Implementation.m in Sources */ = {isa = PBXBuildFile; fileRef = BE99312C1CC7604E009F26EB /* SLKTextInput+Implementation.m */; };
		BE9931411CC7604E009F26EB /* SLKTextInputbar.m in Sources */ = {isa = PBXBuildFile; fileRef = BE99312E1CC7604E009F26EB /* SLKTextInputbar.m */; };
		BE9931421CC7604E009F26EB /* SLKTextView.m in Sources */ = {isa = PBXBuildFile; fileRef = BE9931301CC7604E009F26EB /* SLKTextView.m */; };
		BE9931431CC7604E009F26EB /* SLKTextView+SLKAdditions.m in Sources */ = {isa = PBXBuildFile; fileRef = BE9931321CC7604E009F26EB /* SLKTextView+SLKAdditions.m */; };
		BE9931441CC7604E009F26EB /* SLKTextViewController.m in Sources */ = {isa = PBXBuildFile; fileRef = BE9931341CC7604E009F26EB /* SLKTextViewController.m */; };
		BE9931451CC7604E009F26EB /* SLKTypingIndicatorView.m in Sources */ = {isa = PBXBuildFile; fileRef = BE9931371CC7604E009F26EB /* SLKTypingIndicatorView.m */; };
		BE9931461CC7604E009F26EB /* UIResponder+SLKAdditions.m in Sources */ = {isa = PBXBuildFile; fileRef = BE99313A1CC7604E009F26EB /* UIResponder+SLKAdditions.m */; };
		BE9931471CC7604E009F26EB /* UIScrollView+SLKAdditions.m in Sources */ = {isa = PBXBuildFile; fileRef = BE99313C1CC7604E009F26EB /* UIScrollView+SLKAdditions.m */; };
		BE9931481CC7604E009F26EB /* UIView+SLKAdditions.m in Sources */ = {isa = PBXBuildFile; fileRef = BE99313E1CC7604E009F26EB /* UIView+SLKAdditions.m */; };
		BE99314A1CC76D18009F26EB /* KeyChain.swift in Sources */ = {isa = PBXBuildFile; fileRef = BE9931491CC76D18009F26EB /* KeyChain.swift */; };
		BE9931501CC784FB009F26EB /* Message.m in Sources */ = {isa = PBXBuildFile; fileRef = BE99314E1CC784FB009F26EB /* Message.m */; };
		BE9931591CC7855F009F26EB /* TypingIndicatorView.m in Sources */ = {isa = PBXBuildFile; fileRef = BE9931511CC7855F009F26EB /* TypingIndicatorView.m */; };
		BE99315A1CC7855F009F26EB /* MessageViewController.m in Sources */ = {isa = PBXBuildFile; fileRef = BE9931531CC7855F009F26EB /* MessageViewController.m */; };
		BE99315B1CC7855F009F26EB /* MessageTextView.m in Sources */ = {isa = PBXBuildFile; fileRef = BE9931551CC7855F009F26EB /* MessageTextView.m */; };
		BE99315C1CC7855F009F26EB /* MessageTableViewCell.m in Sources */ = {isa = PBXBuildFile; fileRef = BE9931571CC7855F009F26EB /* MessageTableViewCell.m */; };
		BE99315F1CC785E2009F26EB /* LoremIpsum.m in Sources */ = {isa = PBXBuildFile; fileRef = BE99315D1CC785E2009F26EB /* LoremIpsum.m */; };
		BE9931641CC796CD009F26EB /* PASImageView.swift in Sources */ = {isa = PBXBuildFile; fileRef = BE9931631CC796CD009F26EB /* PASImageView.swift */; };
/* End PBXBuildFile section */

/* Begin PBXFileReference section */
		910549574D1DDEC97352CAF6 /* Pods_inMacChat.framework */ = {isa = PBXFileReference; explicitFileType = wrapper.framework; includeInIndex = 0; path = Pods_inMacChat.framework; sourceTree = BUILT_PRODUCTS_DIR; };
		B0F3F48EA804465DAD4A47BF /* Pods-inMacChat.release.xcconfig */ = {isa = PBXFileReference; includeInIndex = 1; lastKnownFileType = text.xcconfig; name = "Pods-inMacChat.release.xcconfig"; path = "Pods/Target Support Files/Pods-inMacChat/Pods-inMacChat.release.xcconfig"; sourceTree = "<group>"; };
		BE26B345A36C61CCA2BF9738 /* Pods-inMacChat.debug.xcconfig */ = {isa = PBXFileReference; includeInIndex = 1; lastKnownFileType = text.xcconfig; name = "Pods-inMacChat.debug.xcconfig"; path = "Pods/Target Support Files/Pods-inMacChat/Pods-inMacChat.debug.xcconfig"; sourceTree = "<group>"; };
		BE2D3BED1CC5396C002DEB94 /* inMacChat.app */ = {isa = PBXFileReference; explicitFileType = wrapper.application; includeInIndex = 0; path = inMacChat.app; sourceTree = BUILT_PRODUCTS_DIR; };
		BE2D3BF01CC5396C002DEB94 /* AppDelegate.swift */ = {isa = PBXFileReference; lastKnownFileType = sourcecode.swift; path = AppDelegate.swift; sourceTree = "<group>"; };
		BE2D3BF21CC5396C002DEB94 /* NickNameViewController.swift */ = {isa = PBXFileReference; lastKnownFileType = sourcecode.swift; path = NickNameViewController.swift; sourceTree = "<group>"; };
		BE2D3BF51CC5396C002DEB94 /* Base */ = {isa = PBXFileReference; lastKnownFileType = file.storyboard; name = Base; path = Base.lproj/Main.storyboard; sourceTree = "<group>"; };
		BE2D3BF71CC5396C002DEB94 /* Assets.xcassets */ = {isa = PBXFileReference; lastKnownFileType = folder.assetcatalog; path = Assets.xcassets; sourceTree = "<group>"; };
		BE2D3BFA1CC5396C002DEB94 /* Base */ = {isa = PBXFileReference; lastKnownFileType = file.storyboard; name = Base; path = Base.lproj/LaunchScreen.storyboard; sourceTree = "<group>"; };
		BE2D3BFC1CC5396C002DEB94 /* Info.plist */ = {isa = PBXFileReference; lastKnownFileType = text.plist.xml; path = Info.plist; sourceTree = "<group>"; };
		BE2D3C031CC53B91002DEB94 /* WebSocket.swift */ = {isa = PBXFileReference; fileEncoding = 4; lastKnownFileType = sourcecode.swift; path = WebSocket.swift; sourceTree = "<group>"; };
		BE2D3C041CC53B91002DEB94 /* SwiftRegex.swift */ = {isa = PBXFileReference; fileEncoding = 4; lastKnownFileType = sourcecode.swift; path = SwiftRegex.swift; sourceTree = "<group>"; };
		BE2D3C051CC53B91002DEB94 /* SocketTypes.swift */ = {isa = PBXFileReference; fileEncoding = 4; lastKnownFileType = sourcecode.swift; path = SocketTypes.swift; sourceTree = "<group>"; };
		BE2D3C061CC53B91002DEB94 /* SocketStringReader.swift */ = {isa = PBXFileReference; fileEncoding = 4; lastKnownFileType = sourcecode.swift; path = SocketStringReader.swift; sourceTree = "<group>"; };
		BE2D3C071CC53B91002DEB94 /* SocketParser.swift */ = {isa = PBXFileReference; fileEncoding = 4; lastKnownFileType = sourcecode.swift; path = SocketParser.swift; sourceTree = "<group>"; };
		BE2D3C081CC53B91002DEB94 /* SocketPacket.swift */ = {isa = PBXFileReference; fileEncoding = 4; lastKnownFileType = sourcecode.swift; path = SocketPacket.swift; sourceTree = "<group>"; };
		BE2D3C091CC53B91002DEB94 /* SocketLogger.swift */ = {isa = PBXFileReference; fileEncoding = 4; lastKnownFileType = sourcecode.swift; path = SocketLogger.swift; sourceTree = "<group>"; };
		BE2D3C0A1CC53B91002DEB94 /* SocketIOClientStatus.swift */ = {isa = PBXFileReference; fileEncoding = 4; lastKnownFileType = sourcecode.swift; path = SocketIOClientStatus.swift; sourceTree = "<group>"; };
		BE2D3C0B1CC53B91002DEB94 /* SocketIOClientOption.swift */ = {isa = PBXFileReference; fileEncoding = 4; lastKnownFileType = sourcecode.swift; path = SocketIOClientOption.swift; sourceTree = "<group>"; };
		BE2D3C0C1CC53B91002DEB94 /* SocketIOClient.swift */ = {isa = PBXFileReference; fileEncoding = 4; lastKnownFileType = sourcecode.swift; path = SocketIOClient.swift; sourceTree = "<group>"; };
		BE2D3C0D1CC53B91002DEB94 /* SocketFixUTF8.swift */ = {isa = PBXFileReference; fileEncoding = 4; lastKnownFileType = sourcecode.swift; path = SocketFixUTF8.swift; sourceTree = "<group>"; };
		BE2D3C0E1CC53B91002DEB94 /* SocketEventHandler.swift */ = {isa = PBXFileReference; fileEncoding = 4; lastKnownFileType = sourcecode.swift; path = SocketEventHandler.swift; sourceTree = "<group>"; };
		BE2D3C0F1CC53B91002DEB94 /* SocketEngineSpec.swift */ = {isa = PBXFileReference; fileEncoding = 4; lastKnownFileType = sourcecode.swift; path = SocketEngineSpec.swift; sourceTree = "<group>"; };
		BE2D3C101CC53B91002DEB94 /* SocketEnginePacketType.swift */ = {isa = PBXFileReference; fileEncoding = 4; lastKnownFileType = sourcecode.swift; path = SocketEnginePacketType.swift; sourceTree = "<group>"; };
		BE2D3C111CC53B91002DEB94 /* SocketEngineClient.swift */ = {isa = PBXFileReference; fileEncoding = 4; lastKnownFileType = sourcecode.swift; path = SocketEngineClient.swift; sourceTree = "<group>"; };
		BE2D3C121CC53B91002DEB94 /* SocketEngine.swift */ = {isa = PBXFileReference; fileEncoding = 4; lastKnownFileType = sourcecode.swift; path = SocketEngine.swift; sourceTree = "<group>"; };
		BE2D3C131CC53B91002DEB94 /* SocketAnyEvent.swift */ = {isa = PBXFileReference; fileEncoding = 4; lastKnownFileType = sourcecode.swift; path = SocketAnyEvent.swift; sourceTree = "<group>"; };
		BE2D3C141CC53B91002DEB94 /* SocketAckManager.swift */ = {isa = PBXFileReference; fileEncoding = 4; lastKnownFileType = sourcecode.swift; path = SocketAckManager.swift; sourceTree = "<group>"; };
		BE2D3C151CC53B91002DEB94 /* SocketAckEmitter.swift */ = {isa = PBXFileReference; fileEncoding = 4; lastKnownFileType = sourcecode.swift; path = SocketAckEmitter.swift; sourceTree = "<group>"; };
		BE2D3C2B1CC54245002DEB94 /* inMacChat-Bridging-Header.h */ = {isa = PBXFileReference; lastKnownFileType = sourcecode.c.h; path = "inMacChat-Bridging-Header.h"; sourceTree = SOURCE_ROOT; };
		BE2D3C4D1CC542A1002DEB94 /* FloatLabelTextView.swift */ = {isa = PBXFileReference; fileEncoding = 4; lastKnownFileType = sourcecode.swift; path = FloatLabelTextView.swift; sourceTree = "<group>"; };
		BE2D3C4E1CC542A1002DEB94 /* FloatLabelTextField.swift */ = {isa = PBXFileReference; fileEncoding = 4; lastKnownFileType = sourcecode.swift; path = FloatLabelTextField.swift; sourceTree = "<group>"; };
		BE30DBA81CC7CC6B002B891B /* inMacChat.entitlements */ = {isa = PBXFileReference; lastKnownFileType = text.xml; path = inMacChat.entitlements; sourceTree = "<group>"; };
		BE30DBA91CC7D718002B891B /* NewChatViewController.swift */ = {isa = PBXFileReference; fileEncoding = 4; lastKnownFileType = sourcecode.swift; path = NewChatViewController.swift; sourceTree = "<group>"; };
		BE30DBAD1CC7DC6C002B891B /* Message.swift */ = {isa = PBXFileReference; fileEncoding = 4; lastKnownFileType = sourcecode.swift; path = Message.swift; sourceTree = "<group>"; };
		BE33A59D1CC54EBC00917037 /* Configuration.swift */ = {isa = PBXFileReference; fileEncoding = 4; lastKnownFileType = sourcecode.swift; path = Configuration.swift; sourceTree = "<group>"; };
		BE33A59F1CC629A300917037 /* CodeValidationViewController.swift */ = {isa = PBXFileReference; fileEncoding = 4; lastKnownFileType = sourcecode.swift; path = CodeValidationViewController.swift; sourceTree = "<group>"; };
		BE9931271CC75EC3009F26EB /* ChatViewController.swift */ = {isa = PBXFileReference; fileEncoding = 4; lastKnownFileType = sourcecode.swift; path = ChatViewController.swift; sourceTree = "<group>"; };
		BE9931291CC7604E009F26EB /* SLKInputAccessoryView.h */ = {isa = PBXFileReference; fileEncoding = 4; lastKnownFileType = sourcecode.c.h; path = SLKInputAccessoryView.h; sourceTree = "<group>"; };
		BE99312A1CC7604E009F26EB /* SLKInputAccessoryView.m */ = {isa = PBXFileReference; fileEncoding = 4; lastKnownFileType = sourcecode.c.objc; path = SLKInputAccessoryView.m; sourceTree = "<group>"; };
		BE99312B1CC7604E009F26EB /* SLKTextInput.h */ = {isa = PBXFileReference; fileEncoding = 4; lastKnownFileType = sourcecode.c.h; path = SLKTextInput.h; sourceTree = "<group>"; };
		BE99312C1CC7604E009F26EB /* SLKTextInput+Implementation.m */ = {isa = PBXFileReference; fileEncoding = 4; lastKnownFileType = sourcecode.c.objc; path = "SLKTextInput+Implementation.m"; sourceTree = "<group>"; };
		BE99312D1CC7604E009F26EB /* SLKTextInputbar.h */ = {isa = PBXFileReference; fileEncoding = 4; lastKnownFileType = sourcecode.c.h; path = SLKTextInputbar.h; sourceTree = "<group>"; };
		BE99312E1CC7604E009F26EB /* SLKTextInputbar.m */ = {isa = PBXFileReference; fileEncoding = 4; lastKnownFileType = sourcecode.c.objc; path = SLKTextInputbar.m; sourceTree = "<group>"; };
		BE99312F1CC7604E009F26EB /* SLKTextView.h */ = {isa = PBXFileReference; fileEncoding = 4; lastKnownFileType = sourcecode.c.h; path = SLKTextView.h; sourceTree = "<group>"; };
		BE9931301CC7604E009F26EB /* SLKTextView.m */ = {isa = PBXFileReference; fileEncoding = 4; lastKnownFileType = sourcecode.c.objc; path = SLKTextView.m; sourceTree = "<group>"; };
		BE9931311CC7604E009F26EB /* SLKTextView+SLKAdditions.h */ = {isa = PBXFileReference; fileEncoding = 4; lastKnownFileType = sourcecode.c.h; path = "SLKTextView+SLKAdditions.h"; sourceTree = "<group>"; };
		BE9931321CC7604E009F26EB /* SLKTextView+SLKAdditions.m */ = {isa = PBXFileReference; fileEncoding = 4; lastKnownFileType = sourcecode.c.objc; path = "SLKTextView+SLKAdditions.m"; sourceTree = "<group>"; };
		BE9931331CC7604E009F26EB /* SLKTextViewController.h */ = {isa = PBXFileReference; fileEncoding = 4; lastKnownFileType = sourcecode.c.h; path = SLKTextViewController.h; sourceTree = "<group>"; };
		BE9931341CC7604E009F26EB /* SLKTextViewController.m */ = {isa = PBXFileReference; fileEncoding = 4; lastKnownFileType = sourcecode.c.objc; path = SLKTextViewController.m; sourceTree = "<group>"; };
		BE9931351CC7604E009F26EB /* SLKTypingIndicatorProtocol.h */ = {isa = PBXFileReference; fileEncoding = 4; lastKnownFileType = sourcecode.c.h; path = SLKTypingIndicatorProtocol.h; sourceTree = "<group>"; };
		BE9931361CC7604E009F26EB /* SLKTypingIndicatorView.h */ = {isa = PBXFileReference; fileEncoding = 4; lastKnownFileType = sourcecode.c.h; path = SLKTypingIndicatorView.h; sourceTree = "<group>"; };
		BE9931371CC7604E009F26EB /* SLKTypingIndicatorView.m */ = {isa = PBXFileReference; fileEncoding = 4; lastKnownFileType = sourcecode.c.objc; path = SLKTypingIndicatorView.m; sourceTree = "<group>"; };
		BE9931381CC7604E009F26EB /* SLKUIConstants.h */ = {isa = PBXFileReference; fileEncoding = 4; lastKnownFileType = sourcecode.c.h; path = SLKUIConstants.h; sourceTree = "<group>"; };
		BE9931391CC7604E009F26EB /* UIResponder+SLKAdditions.h */ = {isa = PBXFileReference; fileEncoding = 4; lastKnownFileType = sourcecode.c.h; path = "UIResponder+SLKAdditions.h"; sourceTree = "<group>"; };
		BE99313A1CC7604E009F26EB /* UIResponder+SLKAdditions.m */ = {isa = PBXFileReference; fileEncoding = 4; lastKnownFileType = sourcecode.c.objc; path = "UIResponder+SLKAdditions.m"; sourceTree = "<group>"; };
		BE99313B1CC7604E009F26EB /* UIScrollView+SLKAdditions.h */ = {isa = PBXFileReference; fileEncoding = 4; lastKnownFileType = sourcecode.c.h; path = "UIScrollView+SLKAdditions.h"; sourceTree = "<group>"; };
		BE99313C1CC7604E009F26EB /* UIScrollView+SLKAdditions.m */ = {isa = PBXFileReference; fileEncoding = 4; lastKnownFileType = sourcecode.c.objc; path = "UIScrollView+SLKAdditions.m"; sourceTree = "<group>"; };
		BE99313D1CC7604E009F26EB /* UIView+SLKAdditions.h */ = {isa = PBXFileReference; fileEncoding = 4; lastKnownFileType = sourcecode.c.h; path = "UIView+SLKAdditions.h"; sourceTree = "<group>"; };
		BE99313E1CC7604E009F26EB /* UIView+SLKAdditions.m */ = {isa = PBXFileReference; fileEncoding = 4; lastKnownFileType = sourcecode.c.objc; path = "UIView+SLKAdditions.m"; sourceTree = "<group>"; };
		BE9931491CC76D18009F26EB /* KeyChain.swift */ = {isa = PBXFileReference; fileEncoding = 4; lastKnownFileType = sourcecode.swift; path = KeyChain.swift; sourceTree = "<group>"; };
		BE99314E1CC784FB009F26EB /* Message.m */ = {isa = PBXFileReference; fileEncoding = 4; lastKnownFileType = sourcecode.c.objc; path = Message.m; sourceTree = "<group>"; };
		BE99314F1CC784FB009F26EB /* Message.h */ = {isa = PBXFileReference; fileEncoding = 4; lastKnownFileType = sourcecode.c.h; path = Message.h; sourceTree = "<group>"; };
		BE9931511CC7855F009F26EB /* TypingIndicatorView.m */ = {isa = PBXFileReference; fileEncoding = 4; lastKnownFileType = sourcecode.c.objc; path = TypingIndicatorView.m; sourceTree = "<group>"; };
		BE9931521CC7855F009F26EB /* TypingIndicatorView.h */ = {isa = PBXFileReference; fileEncoding = 4; lastKnownFileType = sourcecode.c.h; path = TypingIndicatorView.h; sourceTree = "<group>"; };
		BE9931531CC7855F009F26EB /* MessageViewController.m */ = {isa = PBXFileReference; fileEncoding = 4; lastKnownFileType = sourcecode.c.objc; path = MessageViewController.m; sourceTree = "<group>"; };
		BE9931541CC7855F009F26EB /* MessageViewController.h */ = {isa = PBXFileReference; fileEncoding = 4; lastKnownFileType = sourcecode.c.h; path = MessageViewController.h; sourceTree = "<group>"; };
		BE9931551CC7855F009F26EB /* MessageTextView.m */ = {isa = PBXFileReference; fileEncoding = 4; lastKnownFileType = sourcecode.c.objc; path = MessageTextView.m; sourceTree = "<group>"; };
		BE9931561CC7855F009F26EB /* MessageTextView.h */ = {isa = PBXFileReference; fileEncoding = 4; lastKnownFileType = sourcecode.c.h; path = MessageTextView.h; sourceTree = "<group>"; };
		BE9931571CC7855F009F26EB /* MessageTableViewCell.m */ = {isa = PBXFileReference; fileEncoding = 4; lastKnownFileType = sourcecode.c.objc; path = MessageTableViewCell.m; sourceTree = "<group>"; };
		BE9931581CC7855F009F26EB /* MessageTableViewCell.h */ = {isa = PBXFileReference; fileEncoding = 4; lastKnownFileType = sourcecode.c.h; path = MessageTableViewCell.h; sourceTree = "<group>"; };
		BE99315D1CC785E2009F26EB /* LoremIpsum.m */ = {isa = PBXFileReference; fileEncoding = 4; lastKnownFileType = sourcecode.c.objc; path = LoremIpsum.m; sourceTree = "<group>"; };
		BE99315E1CC785E2009F26EB /* LoremIpsum.h */ = {isa = PBXFileReference; fileEncoding = 4; lastKnownFileType = sourcecode.c.h; path = LoremIpsum.h; sourceTree = "<group>"; };
		BE9931611CC78F6E009F26EB /* QuartzCore.framework */ = {isa = PBXFileReference; lastKnownFileType = wrapper.framework; name = QuartzCore.framework; path = System/Library/Frameworks/QuartzCore.framework; sourceTree = SDKROOT; };
		BE9931631CC796CD009F26EB /* PASImageView.swift */ = {isa = PBXFileReference; fileEncoding = 4; lastKnownFileType = sourcecode.swift; path = PASImageView.swift; sourceTree = "<group>"; };
/* End PBXFileReference section */

/* Begin PBXFrameworksBuildPhase section */
		BE2D3BEA1CC5396C002DEB94 /* Frameworks */ = {
			isa = PBXFrameworksBuildPhase;
			buildActionMask = 2147483647;
			files = (
				3CE5BDC8BEE87195E73E32FE /* Pods_inMacChat.framework in Frameworks */,
			);
			runOnlyForDeploymentPostprocessing = 0;
		};
/* End PBXFrameworksBuildPhase section */

/* Begin PBXGroup section */
		06A6E61E8B3F1C117C7A009A /* Pods */ = {
			isa = PBXGroup;
			children = (
				BE26B345A36C61CCA2BF9738 /* Pods-inMacChat.debug.xcconfig */,
				B0F3F48EA804465DAD4A47BF /* Pods-inMacChat.release.xcconfig */,
			);
			name = Pods;
			sourceTree = "<group>";
		};
		B4FD9B524FE051EF3661CE8B /* Frameworks */ = {
			isa = PBXGroup;
			children = (
				BE9931611CC78F6E009F26EB /* QuartzCore.framework */,
				BE2D3C4C1CC54290002DEB94 /* FloatLabel */,
				BE2D3C2A1CC5422F002DEB94 /* SlacktextViewController */,
				BE2D3C021CC53B72002DEB94 /* SocketIO */,
				910549574D1DDEC97352CAF6 /* Pods_inMacChat.framework */,
			);
			name = Frameworks;
			sourceTree = "<group>";
		};
		BE2D3BE41CC5396C002DEB94 = {
			isa = PBXGroup;
			children = (
				BE2D3BEF1CC5396C002DEB94 /* inMacChat */,
				BE2D3BEE1CC5396C002DEB94 /* Products */,
				06A6E61E8B3F1C117C7A009A /* Pods */,
				B4FD9B524FE051EF3661CE8B /* Frameworks */,
			);
			sourceTree = "<group>";
		};
		BE2D3BEE1CC5396C002DEB94 /* Products */ = {
			isa = PBXGroup;
			children = (
				BE2D3BED1CC5396C002DEB94 /* inMacChat.app */,
			);
			name = Products;
			sourceTree = "<group>";
		};
		BE2D3BEF1CC5396C002DEB94 /* inMacChat */ = {
			isa = PBXGroup;
			children = (
				BE30DBA81CC7CC6B002B891B /* inMacChat.entitlements */,
				BE99314B1CC77DEC009F26EB /* Controllers */,
				BE99314C1CC77DF0009F26EB /* Models */,
				BE2D3BF01CC5396C002DEB94 /* AppDelegate.swift */,
				BE9931601CC785F5009F26EB /* Shared */,
				BE2D3BF41CC5396C002DEB94 /* Main.storyboard */,
				BE2D3BF71CC5396C002DEB94 /* Assets.xcassets */,
				BE2D3BF91CC5396C002DEB94 /* LaunchScreen.storyboard */,
				BE2D3BFC1CC5396C002DEB94 /* Info.plist */,
				BE99314D1CC77E08009F26EB /* Support Files */,
			);
			path = inMacChat;
			sourceTree = "<group>";
		};
		BE2D3C021CC53B72002DEB94 /* SocketIO */ = {
			isa = PBXGroup;
			children = (
				BE2D3C031CC53B91002DEB94 /* WebSocket.swift */,
				BE2D3C041CC53B91002DEB94 /* SwiftRegex.swift */,
				BE2D3C051CC53B91002DEB94 /* SocketTypes.swift */,
				BE2D3C061CC53B91002DEB94 /* SocketStringReader.swift */,
				BE2D3C071CC53B91002DEB94 /* SocketParser.swift */,
				BE2D3C081CC53B91002DEB94 /* SocketPacket.swift */,
				BE2D3C091CC53B91002DEB94 /* SocketLogger.swift */,
				BE2D3C0A1CC53B91002DEB94 /* SocketIOClientStatus.swift */,
				BE2D3C0B1CC53B91002DEB94 /* SocketIOClientOption.swift */,
				BE2D3C0C1CC53B91002DEB94 /* SocketIOClient.swift */,
				BE2D3C0D1CC53B91002DEB94 /* SocketFixUTF8.swift */,
				BE2D3C0E1CC53B91002DEB94 /* SocketEventHandler.swift */,
				BE2D3C0F1CC53B91002DEB94 /* SocketEngineSpec.swift */,
				BE2D3C101CC53B91002DEB94 /* SocketEnginePacketType.swift */,
				BE2D3C111CC53B91002DEB94 /* SocketEngineClient.swift */,
				BE2D3C121CC53B91002DEB94 /* SocketEngine.swift */,
				BE2D3C131CC53B91002DEB94 /* SocketAnyEvent.swift */,
				BE2D3C141CC53B91002DEB94 /* SocketAckManager.swift */,
				BE2D3C151CC53B91002DEB94 /* SocketAckEmitter.swift */,
			);
			name = SocketIO;
			sourceTree = "<group>";
		};
		BE2D3C2A1CC5422F002DEB94 /* SlacktextViewController */ = {
			isa = PBXGroup;
			children = (
				BE9931291CC7604E009F26EB /* SLKInputAccessoryView.h */,
				BE99312A1CC7604E009F26EB /* SLKInputAccessoryView.m */,
				BE99312B1CC7604E009F26EB /* SLKTextInput.h */,
				BE99312C1CC7604E009F26EB /* SLKTextInput+Implementation.m */,
				BE99312D1CC7604E009F26EB /* SLKTextInputbar.h */,
				BE99312E1CC7604E009F26EB /* SLKTextInputbar.m */,
				BE99312F1CC7604E009F26EB /* SLKTextView.h */,
				BE9931301CC7604E009F26EB /* SLKTextView.m */,
				BE9931311CC7604E009F26EB /* SLKTextView+SLKAdditions.h */,
				BE9931321CC7604E009F26EB /* SLKTextView+SLKAdditions.m */,
				BE9931331CC7604E009F26EB /* SLKTextViewController.h */,
				BE9931341CC7604E009F26EB /* SLKTextViewController.m */,
				BE9931351CC7604E009F26EB /* SLKTypingIndicatorProtocol.h */,
				BE9931361CC7604E009F26EB /* SLKTypingIndicatorView.h */,
				BE9931371CC7604E009F26EB /* SLKTypingIndicatorView.m */,
				BE9931381CC7604E009F26EB /* SLKUIConstants.h */,
				BE9931391CC7604E009F26EB /* UIResponder+SLKAdditions.h */,
				BE99313A1CC7604E009F26EB /* UIResponder+SLKAdditions.m */,
				BE99313B1CC7604E009F26EB /* UIScrollView+SLKAdditions.h */,
				BE99313C1CC7604E009F26EB /* UIScrollView+SLKAdditions.m */,
				BE99313D1CC7604E009F26EB /* UIView+SLKAdditions.h */,
				BE99313E1CC7604E009F26EB /* UIView+SLKAdditions.m */,
			);
			name = SlacktextViewController;
			sourceTree = "<group>";
		};
		BE2D3C4C1CC54290002DEB94 /* FloatLabel */ = {
			isa = PBXGroup;
			children = (
				BE2D3C4D1CC542A1002DEB94 /* FloatLabelTextView.swift */,
				BE2D3C4E1CC542A1002DEB94 /* FloatLabelTextField.swift */,
			);
			name = FloatLabel;
			sourceTree = "<group>";
		};
		BE99314B1CC77DEC009F26EB /* Controllers */ = {
			isa = PBXGroup;
			children = (
				BE2D3BF21CC5396C002DEB94 /* NickNameViewController.swift */,
				BE33A59F1CC629A300917037 /* CodeValidationViewController.swift */,
				BE9931271CC75EC3009F26EB /* ChatViewController.swift */,
				BE30DBA91CC7D718002B891B /* NewChatViewController.swift */,
			);
			name = Controllers;
			sourceTree = "<group>";
		};
		BE99314C1CC77DF0009F26EB /* Models */ = {
			isa = PBXGroup;
			children = (
				BE33A59D1CC54EBC00917037 /* Configuration.swift */,
				BE9931491CC76D18009F26EB /* KeyChain.swift */,
				BE30DBAD1CC7DC6C002B891B /* Message.swift */,
				BE9931631CC796CD009F26EB /* PASImageView.swift */,
			);
			name = Models;
			sourceTree = "<group>";
		};
		BE99314D1CC77E08009F26EB /* Support Files */ = {
			isa = PBXGroup;
			children = (
				BE2D3C2B1CC54245002DEB94 /* inMacChat-Bridging-Header.h */,
			);
			name = "Support Files";
			sourceTree = "<group>";
		};
		BE9931601CC785F5009F26EB /* Shared */ = {
			isa = PBXGroup;
			children = (
				BE99314F1CC784FB009F26EB /* Message.h */,
				BE99314E1CC784FB009F26EB /* Message.m */,
				BE9931511CC7855F009F26EB /* TypingIndicatorView.m */,
				BE9931521CC7855F009F26EB /* TypingIndicatorView.h */,
				BE9931531CC7855F009F26EB /* MessageViewController.m */,
				BE9931541CC7855F009F26EB /* MessageViewController.h */,
				BE9931551CC7855F009F26EB /* MessageTextView.m */,
				BE9931561CC7855F009F26EB /* MessageTextView.h */,
				BE9931571CC7855F009F26EB /* MessageTableViewCell.m */,
				BE9931581CC7855F009F26EB /* MessageTableViewCell.h */,
				BE99315D1CC785E2009F26EB /* LoremIpsum.m */,
				BE99315E1CC785E2009F26EB /* LoremIpsum.h */,
			);
			name = Shared;
			sourceTree = "<group>";
		};
/* End PBXGroup section */

/* Begin PBXNativeTarget section */
		BE2D3BEC1CC5396C002DEB94 /* inMacChat */ = {
			isa = PBXNativeTarget;
			buildConfigurationList = BE2D3BFF1CC5396C002DEB94 /* Build configuration list for PBXNativeTarget "inMacChat" */;
			buildPhases = (
				1581AE4CF50E2CC6BE0CBF4A /* 📦 Check Pods Manifest.lock */,
				BE2D3BE91CC5396C002DEB94 /* Sources */,
				BE2D3BEA1CC5396C002DEB94 /* Frameworks */,
				BE2D3BEB1CC5396C002DEB94 /* Resources */,
				BF1E7CEA88025EF9D09571B2 /* 📦 Embed Pods Frameworks */,
				234E9398E5FEBCB122A36AEE /* 📦 Copy Pods Resources */,
			);
			buildRules = (
			);
			dependencies = (
			);
			name = inMacChat;
			productName = inMacChat;
			productReference = BE2D3BED1CC5396C002DEB94 /* inMacChat.app */;
			productType = "com.apple.product-type.application";
		};
/* End PBXNativeTarget section */

/* Begin PBXProject section */
		BE2D3BE51CC5396C002DEB94 /* Project object */ = {
			isa = PBXProject;
			attributes = {
				LastSwiftUpdateCheck = 0730;
				LastUpgradeCheck = 0730;
				ORGANIZATIONNAME = "Gleb Karpushkin";
				TargetAttributes = {
					BE2D3BEC1CC5396C002DEB94 = {
						CreatedOnToolsVersion = 7.3;
						DevelopmentTeam = QHQL7836SK;
						SystemCapabilities = {
							com.apple.BackgroundModes = {
								enabled = 1;
							};
							com.apple.Keychain = {
								enabled = 1;
							};
						};
					};
				};
			};
			buildConfigurationList = BE2D3BE81CC5396C002DEB94 /* Build configuration list for PBXProject "inMacChat" */;
			compatibilityVersion = "Xcode 3.2";
			developmentRegion = English;
			hasScannedForEncodings = 0;
			knownRegions = (
				en,
				Base,
			);
			mainGroup = BE2D3BE41CC5396C002DEB94;
			productRefGroup = BE2D3BEE1CC5396C002DEB94 /* Products */;
			projectDirPath = "";
			projectRoot = "";
			targets = (
				BE2D3BEC1CC5396C002DEB94 /* inMacChat */,
			);
		};
/* End PBXProject section */

/* Begin PBXResourcesBuildPhase section */
		BE2D3BEB1CC5396C002DEB94 /* Resources */ = {
			isa = PBXResourcesBuildPhase;
			buildActionMask = 2147483647;
			files = (
				BE2D3BFB1CC5396C002DEB94 /* LaunchScreen.storyboard in Resources */,
				BE2D3BF81CC5396C002DEB94 /* Assets.xcassets in Resources */,
				BE2D3BF61CC5396C002DEB94 /* Main.storyboard in Resources */,
			);
			runOnlyForDeploymentPostprocessing = 0;
		};
/* End PBXResourcesBuildPhase section */

/* Begin PBXShellScriptBuildPhase section */
		1581AE4CF50E2CC6BE0CBF4A /* 📦 Check Pods Manifest.lock */ = {
			isa = PBXShellScriptBuildPhase;
			buildActionMask = 2147483647;
			files = (
			);
			inputPaths = (
			);
			name = "📦 Check Pods Manifest.lock";
			outputPaths = (
			);
			runOnlyForDeploymentPostprocessing = 0;
			shellPath = /bin/sh;
			shellScript = "diff \"${PODS_ROOT}/../Podfile.lock\" \"${PODS_ROOT}/Manifest.lock\" > /dev/null\nif [[ $? != 0 ]] ; then\n    cat << EOM\nerror: The sandbox is not in sync with the Podfile.lock. Run 'pod install' or update your CocoaPods installation.\nEOM\n    exit 1\nfi\n";
			showEnvVarsInLog = 0;
		};
		234E9398E5FEBCB122A36AEE /* 📦 Copy Pods Resources */ = {
			isa = PBXShellScriptBuildPhase;
			buildActionMask = 2147483647;
			files = (
			);
			inputPaths = (
			);
			name = "📦 Copy Pods Resources";
			outputPaths = (
			);
			runOnlyForDeploymentPostprocessing = 0;
			shellPath = /bin/sh;
			shellScript = "\"${SRCROOT}/Pods/Target Support Files/Pods-inMacChat/Pods-inMacChat-resources.sh\"\n";
			showEnvVarsInLog = 0;
		};
		BF1E7CEA88025EF9D09571B2 /* 📦 Embed Pods Frameworks */ = {
			isa = PBXShellScriptBuildPhase;
			buildActionMask = 2147483647;
			files = (
			);
			inputPaths = (
			);
			name = "📦 Embed Pods Frameworks";
			outputPaths = (
			);
			runOnlyForDeploymentPostprocessing = 0;
			shellPath = /bin/sh;
			shellScript = "\"${SRCROOT}/Pods/Target Support Files/Pods-inMacChat/Pods-inMacChat-frameworks.sh\"\n";
			showEnvVarsInLog = 0;
		};
/* End PBXShellScriptBuildPhase section */

/* Begin PBXSourcesBuildPhase section */
		BE2D3BE91CC5396C002DEB94 /* Sources */ = {
			isa = PBXSourcesBuildPhase;
			buildActionMask = 2147483647;
			files = (
				BE9931441CC7604E009F26EB /* SLKTextViewController.m in Sources */,
				BE9931481CC7604E009F26EB /* UIView+SLKAdditions.m in Sources */,
				BE2D3C231CC53B91002DEB94 /* SocketEnginePacketType.swift in Sources */,
				BE2D3C191CC53B91002DEB94 /* SocketStringReader.swift in Sources */,
				BE9931411CC7604E009F26EB /* SLKTextInputbar.m in Sources */,
				BE2D3C1D1CC53B91002DEB94 /* SocketIOClientStatus.swift in Sources */,
				BE99315B1CC7855F009F26EB /* MessageTextView.m in Sources */,
				BE99315A1CC7855F009F26EB /* MessageViewController.m in Sources */,
				BE2D3BF31CC5396C002DEB94 /* NickNameViewController.swift in Sources */,
				BE9931431CC7604E009F26EB /* SLKTextView+SLKAdditions.m in Sources */,
				BE9931401CC7604E009F26EB /* SLKTextInput+Implementation.m in Sources */,
				BE9931501CC784FB009F26EB /* Message.m in Sources */,
				BE2D3C221CC53B91002DEB94 /* SocketEngineSpec.swift in Sources */,
				BE2D3C501CC542A1002DEB94 /* FloatLabelTextField.swift in Sources */,
				BE9931421CC7604E009F26EB /* SLKTextView.m in Sources */,
				BE2D3C4F1CC542A1002DEB94 /* FloatLabelTextView.swift in Sources */,
				BE2D3C1F1CC53B91002DEB94 /* SocketIOClient.swift in Sources */,
				BE30DBAE1CC7DC6C002B891B /* Message.swift in Sources */,
				BE2D3C251CC53B91002DEB94 /* SocketEngine.swift in Sources */,
				BE2D3C261CC53B91002DEB94 /* SocketAnyEvent.swift in Sources */,
				BE30DBAA1CC7D718002B891B /* NewChatViewController.swift in Sources */,
				BE33A5A01CC629A300917037 /* CodeValidationViewController.swift in Sources */,
				BE9931591CC7855F009F26EB /* TypingIndicatorView.m in Sources */,
				BE2D3C211CC53B91002DEB94 /* SocketEventHandler.swift in Sources */,
				BE2D3C161CC53B91002DEB94 /* WebSocket.swift in Sources */,
				BE99315C1CC7855F009F26EB /* MessageTableViewCell.m in Sources */,
				BE33A59E1CC54EBC00917037 /* Configuration.swift in Sources */,
				BE2D3C1A1CC53B91002DEB94 /* SocketParser.swift in Sources */,
				BE2D3C181CC53B91002DEB94 /* SocketTypes.swift in Sources */,
				BE9931461CC7604E009F26EB /* UIResponder+SLKAdditions.m in Sources */,
				BE2D3C241CC53B91002DEB94 /* SocketEngineClient.swift in Sources */,
				BE2D3C1C1CC53B91002DEB94 /* SocketLogger.swift in Sources */,
				BE2D3C201CC53B91002DEB94 /* SocketFixUTF8.swift in Sources */,
				BE2D3BF11CC5396C002DEB94 /* AppDelegate.swift in Sources */,
				BE2D3C271CC53B91002DEB94 /* SocketAckManager.swift in Sources */,
				BE2D3C1B1CC53B91002DEB94 /* SocketPacket.swift in Sources */,
				BE2D3C281CC53B91002DEB94 /* SocketAckEmitter.swift in Sources */,
				BE99314A1CC76D18009F26EB /* KeyChain.swift in Sources */,
				BE99313F1CC7604E009F26EB /* SLKInputAccessoryView.m in Sources */,
				BE9931451CC7604E009F26EB /* SLKTypingIndicatorView.m in Sources */,
				BE99315F1CC785E2009F26EB /* LoremIpsum.m in Sources */,
				BE9931641CC796CD009F26EB /* PASImageView.swift in Sources */,
				BE2D3C171CC53B91002DEB94 /* SwiftRegex.swift in Sources */,
				BE2D3C1E1CC53B91002DEB94 /* SocketIOClientOption.swift in Sources */,
				BE9931281CC75EC3009F26EB /* ChatViewController.swift in Sources */,
				BE9931471CC7604E009F26EB /* UIScrollView+SLKAdditions.m in Sources */,
			);
			runOnlyForDeploymentPostprocessing = 0;
		};
/* End PBXSourcesBuildPhase section */

/* Begin PBXVariantGroup section */
		BE2D3BF41CC5396C002DEB94 /* Main.storyboard */ = {
			isa = PBXVariantGroup;
			children = (
				BE2D3BF51CC5396C002DEB94 /* Base */,
			);
			name = Main.storyboard;
			sourceTree = "<group>";
		};
		BE2D3BF91CC5396C002DEB94 /* LaunchScreen.storyboard */ = {
			isa = PBXVariantGroup;
			children = (
				BE2D3BFA1CC5396C002DEB94 /* Base */,
			);
			name = LaunchScreen.storyboard;
			sourceTree = "<group>";
		};
/* End PBXVariantGroup section */

/* Begin XCBuildConfiguration section */
		BE2D3BFD1CC5396C002DEB94 /* Debug */ = {
			isa = XCBuildConfiguration;
			buildSettings = {
				ALWAYS_SEARCH_USER_PATHS = NO;
				CLANG_ANALYZER_NONNULL = YES;
				CLANG_CXX_LANGUAGE_STANDARD = "gnu++0x";
				CLANG_CXX_LIBRARY = "libc++";
				CLANG_ENABLE_MODULES = YES;
				CLANG_ENABLE_OBJC_ARC = YES;
				CLANG_WARN_BOOL_CONVERSION = YES;
				CLANG_WARN_CONSTANT_CONVERSION = YES;
				CLANG_WARN_DIRECT_OBJC_ISA_USAGE = YES_ERROR;
				CLANG_WARN_EMPTY_BODY = YES;
				CLANG_WARN_ENUM_CONVERSION = YES;
				CLANG_WARN_INT_CONVERSION = YES;
				CLANG_WARN_OBJC_ROOT_CLASS = YES_ERROR;
				CLANG_WARN_UNREACHABLE_CODE = YES;
				CLANG_WARN__DUPLICATE_METHOD_MATCH = YES;
				"CODE_SIGN_IDENTITY[sdk=iphoneos*]" = "iPhone Developer";
				COPY_PHASE_STRIP = NO;
				DEBUG_INFORMATION_FORMAT = dwarf;
				ENABLE_STRICT_OBJC_MSGSEND = YES;
				ENABLE_TESTABILITY = YES;
				GCC_C_LANGUAGE_STANDARD = gnu99;
				GCC_DYNAMIC_NO_PIC = NO;
				GCC_NO_COMMON_BLOCKS = YES;
				GCC_OPTIMIZATION_LEVEL = 0;
				GCC_PREPROCESSOR_DEFINITIONS = (
					"DEBUG=1",
					"$(inherited)",
				);
				GCC_WARN_64_TO_32_BIT_CONVERSION = YES;
				GCC_WARN_ABOUT_RETURN_TYPE = YES_ERROR;
				GCC_WARN_UNDECLARED_SELECTOR = YES;
				GCC_WARN_UNINITIALIZED_AUTOS = YES_AGGRESSIVE;
				GCC_WARN_UNUSED_FUNCTION = YES;
				GCC_WARN_UNUSED_VARIABLE = YES;
				IPHONEOS_DEPLOYMENT_TARGET = 9.3;
				MTL_ENABLE_DEBUG_INFO = YES;
				ONLY_ACTIVE_ARCH = YES;
				SDKROOT = iphoneos;
				SWIFT_OPTIMIZATION_LEVEL = "-Onone";
				TARGETED_DEVICE_FAMILY = "1,2";
			};
			name = Debug;
		};
		BE2D3BFE1CC5396C002DEB94 /* Release */ = {
			isa = XCBuildConfiguration;
			buildSettings = {
				ALWAYS_SEARCH_USER_PATHS = NO;
				CLANG_ANALYZER_NONNULL = YES;
				CLANG_CXX_LANGUAGE_STANDARD = "gnu++0x";
				CLANG_CXX_LIBRARY = "libc++";
				CLANG_ENABLE_MODULES = YES;
				CLANG_ENABLE_OBJC_ARC = YES;
				CLANG_WARN_BOOL_CONVERSION = YES;
				CLANG_WARN_CONSTANT_CONVERSION = YES;
				CLANG_WARN_DIRECT_OBJC_ISA_USAGE = YES_ERROR;
				CLANG_WARN_EMPTY_BODY = YES;
				CLANG_WARN_ENUM_CONVERSION = YES;
				CLANG_WARN_INT_CONVERSION = YES;
				CLANG_WARN_OBJC_ROOT_CLASS = YES_ERROR;
				CLANG_WARN_UNREACHABLE_CODE = YES;
				CLANG_WARN__DUPLICATE_METHOD_MATCH = YES;
				"CODE_SIGN_IDENTITY[sdk=iphoneos*]" = "iPhone Developer";
				COPY_PHASE_STRIP = NO;
				DEBUG_INFORMATION_FORMAT = "dwarf-with-dsym";
				ENABLE_NS_ASSERTIONS = NO;
				ENABLE_STRICT_OBJC_MSGSEND = YES;
				GCC_C_LANGUAGE_STANDARD = gnu99;
				GCC_NO_COMMON_BLOCKS = YES;
				GCC_WARN_64_TO_32_BIT_CONVERSION = YES;
				GCC_WARN_ABOUT_RETURN_TYPE = YES_ERROR;
				GCC_WARN_UNDECLARED_SELECTOR = YES;
				GCC_WARN_UNINITIALIZED_AUTOS = YES_AGGRESSIVE;
				GCC_WARN_UNUSED_FUNCTION = YES;
				GCC_WARN_UNUSED_VARIABLE = YES;
				IPHONEOS_DEPLOYMENT_TARGET = 9.3;
				MTL_ENABLE_DEBUG_INFO = NO;
				SDKROOT = iphoneos;
				TARGETED_DEVICE_FAMILY = "1,2";
				VALIDATE_PRODUCT = YES;
			};
			name = Release;
		};
		BE2D3C001CC5396C002DEB94 /* Debug */ = {
			isa = XCBuildConfiguration;
			baseConfigurationReference = BE26B345A36C61CCA2BF9738 /* Pods-inMacChat.debug.xcconfig */;
			buildSettings = {
				ASSETCATALOG_COMPILER_APPICON_NAME = AppIcon;
				CLANG_ENABLE_MODULES = YES;
				CODE_SIGN_ENTITLEMENTS = inMacChat/inMacChat.entitlements;
				CODE_SIGN_IDENTITY = "iPhone Developer";
				"CODE_SIGN_IDENTITY[sdk=iphoneos*]" = "iPhone Developer: Gleb Karpushkin (JJ5D57T553)";
				INFOPLIST_FILE = inMacChat/Info.plist;
				IPHONEOS_DEPLOYMENT_TARGET = 8.1;
				LD_RUNPATH_SEARCH_PATHS = "$(inherited) @executable_path/Frameworks";
				PRODUCT_BUNDLE_IDENTIFIER = com.eyerise.inMacChat;
				PRODUCT_NAME = "$(TARGET_NAME)";
				PROVISIONING_PROFILE = "8eba99a9-77a5-4448-aaec-728f68a7e4df";
				SWIFT_OBJC_BRIDGING_HEADER = "inMacChat-Bridging-Header.h";
				SWIFT_OPTIMIZATION_LEVEL = "-Onone";
			};
			name = Debug;
		};
		BE2D3C011CC5396C002DEB94 /* Release */ = {
			isa = XCBuildConfiguration;
			baseConfigurationReference = B0F3F48EA804465DAD4A47BF /* Pods-inMacChat.release.xcconfig */;
			buildSettings = {
				ASSETCATALOG_COMPILER_APPICON_NAME = AppIcon;
				CLANG_ENABLE_MODULES = YES;
				CODE_SIGN_ENTITLEMENTS = inMacChat/inMacChat.entitlements;
				CODE_SIGN_IDENTITY = "iPhone Developer";
				"CODE_SIGN_IDENTITY[sdk=iphoneos*]" = "iPhone Distribution: Gleb Karpushkin (QHQL7836SK)";
				INFOPLIST_FILE = inMacChat/Info.plist;
				IPHONEOS_DEPLOYMENT_TARGET = 8.1;
				LD_RUNPATH_SEARCH_PATHS = "$(inherited) @executable_path/Frameworks";
				PRODUCT_BUNDLE_IDENTIFIER = com.eyerise.inMacChat;
				PRODUCT_NAME = "$(TARGET_NAME)";
				PROVISIONING_PROFILE = "747ed2cb-8553-4a27-a811-2251ec091d77";
				SWIFT_OBJC_BRIDGING_HEADER = "inMacChat-Bridging-Header.h";
			};
			name = Release;
		};
/* End XCBuildConfiguration section */

/* Begin XCConfigurationList section */
		BE2D3BE81CC5396C002DEB94 /* Build configuration list for PBXProject "inMacChat" */ = {
			isa = XCConfigurationList;
			buildConfigurations = (
				BE2D3BFD1CC5396C002DEB94 /* Debug */,
				BE2D3BFE1CC5396C002DEB94 /* Release */,
			);
			defaultConfigurationIsVisible = 0;
			defaultConfigurationName = Release;
		};
		BE2D3BFF1CC5396C002DEB94 /* Build configuration list for PBXNativeTarget "inMacChat" */ = {
			isa = XCConfigurationList;
			buildConfigurations = (
				BE2D3C001CC5396C002DEB94 /* Debug */,
				BE2D3C011CC5396C002DEB94 /* Release */,
			);
			defaultConfigurationIsVisible = 0;
			defaultConfigurationName = Release;
		};
/* End XCConfigurationList section */
	};
	rootObject = BE2D3BE51CC5396C002DEB94 /* Project object */;
}
